// !$*UTF8*$!
{
	archiveVersion = 1;
	classes = {
	};
	objectVersion = 51;
	objects = {

/* Begin PBXBuildFile section */
		05B323AB006E291727F09DA9 /* Pods_RecycleHelperTests.framework in Frameworks */ = {isa = PBXBuildFile; fileRef = CC35F56A9B0754E75D5ADAC8 /* Pods_RecycleHelperTests.framework */; };
		22B4A21F77011A5155E5BCA4 /* Pods_RecycleHelper.framework in Frameworks */ = {isa = PBXBuildFile; fileRef = 9C188B3E74B7D82BA7ECF06B /* Pods_RecycleHelper.framework */; };
		8551D4A92504AF8FA43E5FC8 /* Pods_RecycleHelper_RecycleHelperUITests.framework in Frameworks */ = {isa = PBXBuildFile; fileRef = 57BC861333FED190B86CCB26 /* Pods_RecycleHelper_RecycleHelperUITests.framework */; };
		E534F18F2484FB080042CBFD /* AppDelegate.swift in Sources */ = {isa = PBXBuildFile; fileRef = E534F18E2484FB080042CBFD /* AppDelegate.swift */; };
		E534F1912484FB080042CBFD /* SceneDelegate.swift in Sources */ = {isa = PBXBuildFile; fileRef = E534F1902484FB080042CBFD /* SceneDelegate.swift */; };
		E534F1932484FB080042CBFD /* ViewController.swift in Sources */ = {isa = PBXBuildFile; fileRef = E534F1922484FB080042CBFD /* ViewController.swift */; };
		E534F1962484FB080042CBFD /* Main.storyboard in Resources */ = {isa = PBXBuildFile; fileRef = E534F1942484FB080042CBFD /* Main.storyboard */; };
		E534F1982484FB090042CBFD /* Assets.xcassets in Resources */ = {isa = PBXBuildFile; fileRef = E534F1972484FB090042CBFD /* Assets.xcassets */; };
		E534F19B2484FB090042CBFD /* LaunchScreen.storyboard in Resources */ = {isa = PBXBuildFile; fileRef = E534F1992484FB090042CBFD /* LaunchScreen.storyboard */; };
		E534F1A62484FB0A0042CBFD /* RecycleHelperTests.swift in Sources */ = {isa = PBXBuildFile; fileRef = E534F1A52484FB0A0042CBFD /* RecycleHelperTests.swift */; };
		E534F1B12484FB0A0042CBFD /* RecycleHelperUITests.swift in Sources */ = {isa = PBXBuildFile; fileRef = E534F1B02484FB0A0042CBFD /* RecycleHelperUITests.swift */; };
		E534F1C02484FE7A0042CBFD /* HomeViewController.swift in Sources */ = {isa = PBXBuildFile; fileRef = E534F1BF2484FE7A0042CBFD /* HomeViewController.swift */; };
		E534F1C22484FE8E0042CBFD /* SearchViewController.swift in Sources */ = {isa = PBXBuildFile; fileRef = E534F1C12484FE8E0042CBFD /* SearchViewController.swift */; };
		E534F1C42484FE990042CBFD /* VisionViewController.swift in Sources */ = {isa = PBXBuildFile; fileRef = E534F1C32484FE990042CBFD /* VisionViewController.swift */; };
		E534F1C62484FEA80042CBFD /* SymbolViewController.swift in Sources */ = {isa = PBXBuildFile; fileRef = E534F1C52484FEA80042CBFD /* SymbolViewController.swift */; };
		E534F1C82484FEB40042CBFD /* LocationViewController.swift in Sources */ = {isa = PBXBuildFile; fileRef = E534F1C72484FEB40042CBFD /* LocationViewController.swift */; };
		E534F1CA2484FEC20042CBFD /* ItemViewController.swift in Sources */ = {isa = PBXBuildFile; fileRef = E534F1C92484FEC20042CBFD /* ItemViewController.swift */; };
		E534F1CD248505250042CBFD /* recycling.png in Resources */ = {isa = PBXBuildFile; fileRef = E534F1CC248505250042CBFD /* recycling.png */; };
		E534F1D224850A660042CBFD /* ItemTableViewCell.swift in Sources */ = {isa = PBXBuildFile; fileRef = E534F1D124850A660042CBFD /* ItemTableViewCell.swift */; };
		E534F1E024850C510042CBFD /* Constants.swift in Sources */ = {isa = PBXBuildFile; fileRef = E534F1DF24850C510042CBFD /* Constants.swift */; };
		E534F1F224850C7D0042CBFD /* metal_recyclable.png in Resources */ = {isa = PBXBuildFile; fileRef = E534F1E224850C7D0042CBFD /* metal_recyclable.png */; };
		E534F1F324850C7D0042CBFD /* plastic_recyclable.png in Resources */ = {isa = PBXBuildFile; fileRef = E534F1E324850C7D0042CBFD /* plastic_recyclable.png */; };
		E534F1F424850C7D0042CBFD /* paper_recyclable.png in Resources */ = {isa = PBXBuildFile; fileRef = E534F1E424850C7D0042CBFD /* paper_recyclable.png */; };
		E534F1F524850C7D0042CBFD /* plastic_non_recyclable.png in Resources */ = {isa = PBXBuildFile; fileRef = E534F1E524850C7D0042CBFD /* plastic_non_recyclable.png */; };
		E534F1F624850C7D0042CBFD /* glass_recyclable.png in Resources */ = {isa = PBXBuildFile; fileRef = E534F1E624850C7D0042CBFD /* glass_recyclable.png */; };
		E534F1F724850C7D0042CBFD /* check.png in Resources */ = {isa = PBXBuildFile; fileRef = E534F1E824850C7D0042CBFD /* check.png */; };
		E534F1F824850C7D0042CBFD /* can_recycle.png in Resources */ = {isa = PBXBuildFile; fileRef = E534F1E924850C7D0042CBFD /* can_recycle.png */; };
		E534F1F924850C7D0042CBFD /* cant_recycle.png in Resources */ = {isa = PBXBuildFile; fileRef = E534F1EA24850C7D0042CBFD /* cant_recycle.png */; };
		E534F1FA24850C7D0042CBFD /* recycle.png in Resources */ = {isa = PBXBuildFile; fileRef = E534F1EB24850C7D0042CBFD /* recycle.png */; };
		E534F1FB24850C7D0042CBFD /* onboarding1.png in Resources */ = {isa = PBXBuildFile; fileRef = E534F1ED24850C7D0042CBFD /* onboarding1.png */; };
		E534F1FC24850C7D0042CBFD /* onboarding3.png in Resources */ = {isa = PBXBuildFile; fileRef = E534F1EE24850C7D0042CBFD /* onboarding3.png */; };
		E534F1FD24850C7D0042CBFD /* onboarding2.png in Resources */ = {isa = PBXBuildFile; fileRef = E534F1EF24850C7D0042CBFD /* onboarding2.png */; };
		E534F1FE24850C7D0042CBFD /* onboarding5.png in Resources */ = {isa = PBXBuildFile; fileRef = E534F1F024850C7D0042CBFD /* onboarding5.png */; };
		E534F1FF24850C7D0042CBFD /* onboarding4.png in Resources */ = {isa = PBXBuildFile; fileRef = E534F1F124850C7D0042CBFD /* onboarding4.png */; };
		E534F20124850D9D0042CBFD /* InfoTableViewCell.swift in Sources */ = {isa = PBXBuildFile; fileRef = E534F20024850D9D0042CBFD /* InfoTableViewCell.swift */; };
		E534F20424856B380042CBFD /* Extensions.swift in Sources */ = {isa = PBXBuildFile; fileRef = E534F20324856B380042CBFD /* Extensions.swift */; };
		E534F20724859F350042CBFD /* MapKit.framework in Frameworks */ = {isa = PBXBuildFile; fileRef = E534F20624859F350042CBFD /* MapKit.framework */; };
		E534F20C24863C990042CBFD /* Pin.png in Resources */ = {isa = PBXBuildFile; fileRef = E534F20B24863C990042CBFD /* Pin.png */; };
		E534F20E2486527A0042CBFD /* LocationInfoViewController.swift in Sources */ = {isa = PBXBuildFile; fileRef = E534F20D2486527A0042CBFD /* LocationInfoViewController.swift */; };
		E55BABEE248E1E26000F803F /* circle_background.png in Resources */ = {isa = PBXBuildFile; fileRef = E55BABED248E1E26000F803F /* circle_background.png */; };
		E55BABF4248E1F9A000F803F /* background_metal_recyclable.png in Resources */ = {isa = PBXBuildFile; fileRef = E55BABEF248E1F99000F803F /* background_metal_recyclable.png */; };
		E55BABF5248E1F9A000F803F /* background_paper_recyclable.png in Resources */ = {isa = PBXBuildFile; fileRef = E55BABF0248E1F99000F803F /* background_paper_recyclable.png */; };
		E55BABF6248E1F9A000F803F /* background_plastic_non_recyclable.png in Resources */ = {isa = PBXBuildFile; fileRef = E55BABF1248E1F9A000F803F /* background_plastic_non_recyclable.png */; };
		E55BABF7248E1F9A000F803F /* background_plastic_recyclable.png in Resources */ = {isa = PBXBuildFile; fileRef = E55BABF2248E1F9A000F803F /* background_plastic_recyclable.png */; };
		E55BABF8248E1F9A000F803F /* background_glass_recyclable.png in Resources */ = {isa = PBXBuildFile; fileRef = E55BABF3248E1F9A000F803F /* background_glass_recyclable.png */; };
		E55BABFC248E1FA5000F803F /* background_check.png in Resources */ = {isa = PBXBuildFile; fileRef = E55BABF9248E1FA4000F803F /* background_check.png */; };
		E55BABFD248E1FA5000F803F /* background_can_recycle.png in Resources */ = {isa = PBXBuildFile; fileRef = E55BABFA248E1FA5000F803F /* background_can_recycle.png */; };
		E55BABFE248E1FA5000F803F /* background_cant_recycle.png in Resources */ = {isa = PBXBuildFile; fileRef = E55BABFB248E1FA5000F803F /* background_cant_recycle.png */; };
		E55BAC06248E236C000F803F /* background_6.png in Resources */ = {isa = PBXBuildFile; fileRef = E55BABFF248E236A000F803F /* background_6.png */; };
		E55BAC07248E236C000F803F /* background_5.png in Resources */ = {isa = PBXBuildFile; fileRef = E55BAC00248E236B000F803F /* background_5.png */; };
		E55BAC08248E236C000F803F /* background_1.png in Resources */ = {isa = PBXBuildFile; fileRef = E55BAC01248E236B000F803F /* background_1.png */; };
		E55BAC09248E236C000F803F /* background_2.png in Resources */ = {isa = PBXBuildFile; fileRef = E55BAC02248E236B000F803F /* background_2.png */; };
		E55BAC0A248E236C000F803F /* background_3.png in Resources */ = {isa = PBXBuildFile; fileRef = E55BAC03248E236B000F803F /* background_3.png */; };
		E55BAC0B248E236C000F803F /* background_7.png in Resources */ = {isa = PBXBuildFile; fileRef = E55BAC04248E236B000F803F /* background_7.png */; };
		E55BAC0C248E236C000F803F /* background_4.png in Resources */ = {isa = PBXBuildFile; fileRef = E55BAC05248E236B000F803F /* background_4.png */; };
		E55BAC19248E2383000F803F /* background_seedling.png in Resources */ = {isa = PBXBuildFile; fileRef = E55BAC0D248E237F000F803F /* background_seedling.png */; };
		E55BAC1A248E2383000F803F /* background_wasteelectrical.png in Resources */ = {isa = PBXBuildFile; fileRef = E55BAC0E248E2380000F803F /* background_wasteelectrical.png */; };
		E55BAC1B248E2383000F803F /* background_recyclableglass.png in Resources */ = {isa = PBXBuildFile; fileRef = E55BAC0F248E2380000F803F /* background_recyclableglass.png */; };
		E55BAC1C248E2383000F803F /* background_fsc.png in Resources */ = {isa = PBXBuildFile; fileRef = E55BAC10248E2380000F803F /* background_fsc.png */; };
		E55BAC1D248E2383000F803F /* background_oprl1.png in Resources */ = {isa = PBXBuildFile; fileRef = E55BAC11248E2381000F803F /* background_oprl1.png */; };
		E55BAC1E248E2383000F803F /* background_oprl2.png in Resources */ = {isa = PBXBuildFile; fileRef = E55BAC12248E2381000F803F /* background_oprl2.png */; };
		E55BAC1F248E2383000F803F /* background_mobius.png in Resources */ = {isa = PBXBuildFile; fileRef = E55BAC13248E2381000F803F /* background_mobius.png */; };
		E55BAC20248E2383000F803F /* background_recyclablealuminium.png in Resources */ = {isa = PBXBuildFile; fileRef = E55BAC14248E2381000F803F /* background_recyclablealuminium.png */; };
		E55BAC21248E2383000F803F /* background_tidyman.png in Resources */ = {isa = PBXBuildFile; fileRef = E55BAC15248E2382000F803F /* background_tidyman.png */; };
		E55BAC22248E2383000F803F /* background_greendot.png in Resources */ = {isa = PBXBuildFile; fileRef = E55BAC16248E2382000F803F /* background_greendot.png */; };
		E55BAC23248E2383000F803F /* background_homecomposting.png in Resources */ = {isa = PBXBuildFile; fileRef = E55BAC17248E2382000F803F /* background_homecomposting.png */; };
		E55BAC24248E2383000F803F /* background_recyclablesteel.png in Resources */ = {isa = PBXBuildFile; fileRef = E55BAC18248E2383000F803F /* background_recyclablesteel.png */; };
		E55BAC2A248FA7D5000F803F /* CircleProgressView.swift in Sources */ = {isa = PBXBuildFile; fileRef = E55BAC29248FA7D5000F803F /* CircleProgressView.swift */; };
		E55BAC30248FF28C000F803F /* GoalViewController.swift in Sources */ = {isa = PBXBuildFile; fileRef = E55BAC2F248FF28C000F803F /* GoalViewController.swift */; };
		E5AF663A2486A382007B26B5 /* oprl.png in Resources */ = {isa = PBXBuildFile; fileRef = E5AF66392486A382007B26B5 /* oprl.png */; };
		E5AF663C2486A4C8007B26B5 /* plasticresincode.png in Resources */ = {isa = PBXBuildFile; fileRef = E5AF663B2486A4C8007B26B5 /* plasticresincode.png */; };
		E5AF66402486A73F007B26B5 /* RecyclingSymbols.plist in Resources */ = {isa = PBXBuildFile; fileRef = E5AF663F2486A73F007B26B5 /* RecyclingSymbols.plist */; };
		E5AF66552486E06B007B26B5 /* LDPE.png in Resources */ = {isa = PBXBuildFile; fileRef = E5AF66422486E06B007B26B5 /* LDPE.png */; };
		E5AF66562486E06B007B26B5 /* seedling.png in Resources */ = {isa = PBXBuildFile; fileRef = E5AF66432486E06B007B26B5 /* seedling.png */; };
		E5AF66582486E06B007B26B5 /* recyclablesteel.png in Resources */ = {isa = PBXBuildFile; fileRef = E5AF66452486E06B007B26B5 /* recyclablesteel.png */; };
		E5AF66592486E06B007B26B5 /* recyclablealuminium.png in Resources */ = {isa = PBXBuildFile; fileRef = E5AF66462486E06B007B26B5 /* recyclablealuminium.png */; };
		E5AF665A2486E06B007B26B5 /* recyclableglass.png in Resources */ = {isa = PBXBuildFile; fileRef = E5AF66472486E06B007B26B5 /* recyclableglass.png */; };
		E5AF665B2486E06B007B26B5 /* wasteelectrical.png in Resources */ = {isa = PBXBuildFile; fileRef = E5AF66482486E06B007B26B5 /* wasteelectrical.png */; };
		E5AF665C2486E06B007B26B5 /* greendot.png in Resources */ = {isa = PBXBuildFile; fileRef = E5AF66492486E06B007B26B5 /* greendot.png */; };
		E5AF665D2486E06B007B26B5 /* HDPE.png in Resources */ = {isa = PBXBuildFile; fileRef = E5AF664A2486E06B007B26B5 /* HDPE.png */; };
		E5AF665F2486E06B007B26B5 /* tidyman.png in Resources */ = {isa = PBXBuildFile; fileRef = E5AF664C2486E06B007B26B5 /* tidyman.png */; };
		E5AF66602486E06B007B26B5 /* PS.png in Resources */ = {isa = PBXBuildFile; fileRef = E5AF664D2486E06B007B26B5 /* PS.png */; };
		E5AF66612486E06B007B26B5 /* PVC.png in Resources */ = {isa = PBXBuildFile; fileRef = E5AF664E2486E06B007B26B5 /* PVC.png */; };
		E5AF66622486E06B007B26B5 /* PP.png in Resources */ = {isa = PBXBuildFile; fileRef = E5AF664F2486E06B007B26B5 /* PP.png */; };
		E5AF66632486E06B007B26B5 /* fsc.png in Resources */ = {isa = PBXBuildFile; fileRef = E5AF66502486E06B007B26B5 /* fsc.png */; };
		E5AF66652486E06B007B26B5 /* PETE.png in Resources */ = {isa = PBXBuildFile; fileRef = E5AF66522486E06B007B26B5 /* PETE.png */; };
		E5AF66672486E06B007B26B5 /* otherplastic.png in Resources */ = {isa = PBXBuildFile; fileRef = E5AF66542486E06B007B26B5 /* otherplastic.png */; };
		E5AF66692486E7E4007B26B5 /* SymbolTableViewCell.swift in Sources */ = {isa = PBXBuildFile; fileRef = E5AF66682486E7E4007B26B5 /* SymbolTableViewCell.swift */; };
		E5AF666C24878558007B26B5 /* oprl2.png in Resources */ = {isa = PBXBuildFile; fileRef = E5AF666A24878557007B26B5 /* oprl2.png */; };
		E5AF666D24878558007B26B5 /* oprl1.png in Resources */ = {isa = PBXBuildFile; fileRef = E5AF666B24878557007B26B5 /* oprl1.png */; };
		E5AF66A024878AD0007B26B5 /* homecomposting.png in Resources */ = {isa = PBXBuildFile; fileRef = E5AF669F24878ACF007B26B5 /* homecomposting.png */; };
		E5AF66B324878FBC007B26B5 /* mobius.png in Resources */ = {isa = PBXBuildFile; fileRef = E5AF66B224878FBC007B26B5 /* mobius.png */; };
		E5BF278A248BD07A00682721 /* WeekdayTableViewCell.swift in Sources */ = {isa = PBXBuildFile; fileRef = E5BF2789248BD07A00682721 /* WeekdayTableViewCell.swift */; };
		E5BF278C248BD12A00682721 /* WeekdayViewController.swift in Sources */ = {isa = PBXBuildFile; fileRef = E5BF278B248BD12A00682721 /* WeekdayViewController.swift */; };
		E5BF278E248C09B400682721 /* CLTypingLabel.swift in Sources */ = {isa = PBXBuildFile; fileRef = E5BF278D248C09B400682721 /* CLTypingLabel.swift */; };
		E5BF2792248C0A6100682721 /* OnboardingViewController.swift in Sources */ = {isa = PBXBuildFile; fileRef = E5BF2791248C0A6100682721 /* OnboardingViewController.swift */; };
		E5BF2794248C395500682721 /* SettingsViewController.swift in Sources */ = {isa = PBXBuildFile; fileRef = E5BF2793248C395500682721 /* SettingsViewController.swift */; };
		E5BF2796248C3B3E00682721 /* SettingsTableViewCell.swift in Sources */ = {isa = PBXBuildFile; fileRef = E5BF2795248C3B3E00682721 /* SettingsTableViewCell.swift */; };
		E5BF2798248CDAEF00682721 /* ButtonTableViewCell.swift in Sources */ = {isa = PBXBuildFile; fileRef = E5BF2797248CDAEF00682721 /* ButtonTableViewCell.swift */; };
		E5BF279F248D04E700682721 /* onboarding2_1.png in Resources */ = {isa = PBXBuildFile; fileRef = E5BF279A248D04E700682721 /* onboarding2_1.png */; };
		E5BF27A0248D04E700682721 /* onboarding2_2.png in Resources */ = {isa = PBXBuildFile; fileRef = E5BF279B248D04E700682721 /* onboarding2_2.png */; };
		E5BF27A1248D04E700682721 /* onboarding2_3.png in Resources */ = {isa = PBXBuildFile; fileRef = E5BF279C248D04E700682721 /* onboarding2_3.png */; };
		E5BF27A2248D04E700682721 /* onboarding2_4.png in Resources */ = {isa = PBXBuildFile; fileRef = E5BF279D248D04E700682721 /* onboarding2_4.png */; };
		E5BF27A3248D04E700682721 /* onboarding2_5.png in Resources */ = {isa = PBXBuildFile; fileRef = E5BF279E248D04E700682721 /* onboarding2_5.png */; };
		E5BF27A5248D09CD00682721 /* GoogleService-Info.plist in Resources */ = {isa = PBXBuildFile; fileRef = E5BF27A4248D09CD00682721 /* GoogleService-Info.plist */; };
		E5BF27AA248D1F7800682721 /* Splashscreen.png in Resources */ = {isa = PBXBuildFile; fileRef = E5BF27A6248D1F7700682721 /* Splashscreen.png */; };
		E5BF27AB248D1F7800682721 /* SearchItemsList.plist in Resources */ = {isa = PBXBuildFile; fileRef = E5BF27A7248D1F7700682721 /* SearchItemsList.plist */; };
		E5BF27AC248D1F7800682721 /* ItemList.plist in Resources */ = {isa = PBXBuildFile; fileRef = E5BF27A8248D1F7700682721 /* ItemList.plist */; };
		E5BF27AD248D1F7800682721 /* appstore.png in Resources */ = {isa = PBXBuildFile; fileRef = E5BF27A9248D1F7700682721 /* appstore.png */; };
		E5F47B332487EB5200CFC3D8 /* background4.png in Resources */ = {isa = PBXBuildFile; fileRef = E5F47B2D2487EB5200CFC3D8 /* background4.png */; };
		E5F47B342487EB5200CFC3D8 /* background2.png in Resources */ = {isa = PBXBuildFile; fileRef = E5F47B2E2487EB5200CFC3D8 /* background2.png */; };
		E5F47B352487EB5200CFC3D8 /* background3.png in Resources */ = {isa = PBXBuildFile; fileRef = E5F47B2F2487EB5200CFC3D8 /* background3.png */; };
		E5F47B362487EB5200CFC3D8 /* background1.png in Resources */ = {isa = PBXBuildFile; fileRef = E5F47B302487EB5200CFC3D8 /* background1.png */; };
		E5F47B3F2488DCD700CFC3D8 /* CollectionTableViewCell.swift in Sources */ = {isa = PBXBuildFile; fileRef = E5F47B3E2488DCD700CFC3D8 /* CollectionTableViewCell.swift */; };
		E5F47B412488DEFE00CFC3D8 /* CollectionItem.swift in Sources */ = {isa = PBXBuildFile; fileRef = E5F47B402488DEFE00CFC3D8 /* CollectionItem.swift */; };
		E5F47B432488FA2400CFC3D8 /* NewCollectionViewController.swift in Sources */ = {isa = PBXBuildFile; fileRef = E5F47B422488FA2400CFC3D8 /* NewCollectionViewController.swift */; };
		E5F47B452488FCC000CFC3D8 /* EventTableViewCell.swift in Sources */ = {isa = PBXBuildFile; fileRef = E5F47B442488FCC000CFC3D8 /* EventTableViewCell.swift */; };
		E5F47B472488FCD400CFC3D8 /* DatePickerTableViewCell.swift in Sources */ = {isa = PBXBuildFile; fileRef = E5F47B462488FCD400CFC3D8 /* DatePickerTableViewCell.swift */; };
		E5F47B4924890DF900CFC3D8 /* TitleTableViewCell.swift in Sources */ = {isa = PBXBuildFile; fileRef = E5F47B4824890DF900CFC3D8 /* TitleTableViewCell.swift */; };
		E5F47B4B248A5BFD00CFC3D8 /* LocalNotificationManager.swift in Sources */ = {isa = PBXBuildFile; fileRef = E5F47B4A248A5BFD00CFC3D8 /* LocalNotificationManager.swift */; };
		E5F47B4D248A7E2D00CFC3D8 /* SetsRepeatTableViewCell.swift in Sources */ = {isa = PBXBuildFile; fileRef = E5F47B4C248A7E2D00CFC3D8 /* SetsRepeatTableViewCell.swift */; };
		E5F47B4F248ADCE300CFC3D8 /* WasteClassifier.mlmodel in Sources */ = {isa = PBXBuildFile; fileRef = E5F47B4E248ADCE300CFC3D8 /* WasteClassifier.mlmodel */; };
		E5F47B51248ADDA400CFC3D8 /* ObjectViewController.swift in Sources */ = {isa = PBXBuildFile; fileRef = E5F47B50248ADDA400CFC3D8 /* ObjectViewController.swift */; };
		E5F853F72487ADEC00401F4A /* 4.png in Resources */ = {isa = PBXBuildFile; fileRef = E5F853F02487ADEC00401F4A /* 4.png */; };
		E5F853F82487ADEC00401F4A /* 5.png in Resources */ = {isa = PBXBuildFile; fileRef = E5F853F12487ADEC00401F4A /* 5.png */; };
		E5F853F92487ADEC00401F4A /* 7.png in Resources */ = {isa = PBXBuildFile; fileRef = E5F853F22487ADEC00401F4A /* 7.png */; };
		E5F853FA2487ADEC00401F4A /* 6.png in Resources */ = {isa = PBXBuildFile; fileRef = E5F853F32487ADEC00401F4A /* 6.png */; };
		E5F853FB2487ADEC00401F4A /* 2.png in Resources */ = {isa = PBXBuildFile; fileRef = E5F853F42487ADEC00401F4A /* 2.png */; };
		E5F853FC2487ADEC00401F4A /* 3.png in Resources */ = {isa = PBXBuildFile; fileRef = E5F853F52487ADEC00401F4A /* 3.png */; };
		E5F853FD2487ADEC00401F4A /* 1.png in Resources */ = {isa = PBXBuildFile; fileRef = E5F853F62487ADEC00401F4A /* 1.png */; };
		E5F853FF2487B40700401F4A /* SymbolInfoViewController.swift in Sources */ = {isa = PBXBuildFile; fileRef = E5F853FE2487B40700401F4A /* SymbolInfoViewController.swift */; };
/* End PBXBuildFile section */

/* Begin PBXContainerItemProxy section */
		E534F1A22484FB0A0042CBFD /* PBXContainerItemProxy */ = {
			isa = PBXContainerItemProxy;
			containerPortal = E534F1832484FB080042CBFD /* Project object */;
			proxyType = 1;
			remoteGlobalIDString = E534F18A2484FB080042CBFD;
			remoteInfo = RecycleHelper;
		};
		E534F1AD2484FB0A0042CBFD /* PBXContainerItemProxy */ = {
			isa = PBXContainerItemProxy;
			containerPortal = E534F1832484FB080042CBFD /* Project object */;
			proxyType = 1;
			remoteGlobalIDString = E534F18A2484FB080042CBFD;
			remoteInfo = RecycleHelper;
		};
/* End PBXContainerItemProxy section */

/* Begin PBXFileReference section */
		11AC97FC25DF759ADCA4EDBD /* Pods-RecycleHelper.release.xcconfig */ = {isa = PBXFileReference; includeInIndex = 1; lastKnownFileType = text.xcconfig; name = "Pods-RecycleHelper.release.xcconfig"; path = "Target Support Files/Pods-RecycleHelper/Pods-RecycleHelper.release.xcconfig"; sourceTree = "<group>"; };
		44E6C6125495E35CC1ED402A /* Pods-RecycleHelper-RecycleHelperUITests.debug.xcconfig */ = {isa = PBXFileReference; includeInIndex = 1; lastKnownFileType = text.xcconfig; name = "Pods-RecycleHelper-RecycleHelperUITests.debug.xcconfig"; path = "Target Support Files/Pods-RecycleHelper-RecycleHelperUITests/Pods-RecycleHelper-RecycleHelperUITests.debug.xcconfig"; sourceTree = "<group>"; };
		57BC861333FED190B86CCB26 /* Pods_RecycleHelper_RecycleHelperUITests.framework */ = {isa = PBXFileReference; explicitFileType = wrapper.framework; includeInIndex = 0; path = Pods_RecycleHelper_RecycleHelperUITests.framework; sourceTree = BUILT_PRODUCTS_DIR; };
		63DB895AE2FD90966174315C /* Pods-RecycleHelper-RecycleHelperUITests.release.xcconfig */ = {isa = PBXFileReference; includeInIndex = 1; lastKnownFileType = text.xcconfig; name = "Pods-RecycleHelper-RecycleHelperUITests.release.xcconfig"; path = "Target Support Files/Pods-RecycleHelper-RecycleHelperUITests/Pods-RecycleHelper-RecycleHelperUITests.release.xcconfig"; sourceTree = "<group>"; };
		8935B7794D561FB0513805BE /* Pods-RecycleHelper.debug.xcconfig */ = {isa = PBXFileReference; includeInIndex = 1; lastKnownFileType = text.xcconfig; name = "Pods-RecycleHelper.debug.xcconfig"; path = "Target Support Files/Pods-RecycleHelper/Pods-RecycleHelper.debug.xcconfig"; sourceTree = "<group>"; };
		9348296009DA047425A00725 /* Pods-RecycleHelperTests.release.xcconfig */ = {isa = PBXFileReference; includeInIndex = 1; lastKnownFileType = text.xcconfig; name = "Pods-RecycleHelperTests.release.xcconfig"; path = "Target Support Files/Pods-RecycleHelperTests/Pods-RecycleHelperTests.release.xcconfig"; sourceTree = "<group>"; };
		9C188B3E74B7D82BA7ECF06B /* Pods_RecycleHelper.framework */ = {isa = PBXFileReference; explicitFileType = wrapper.framework; includeInIndex = 0; path = Pods_RecycleHelper.framework; sourceTree = BUILT_PRODUCTS_DIR; };
		CC35F56A9B0754E75D5ADAC8 /* Pods_RecycleHelperTests.framework */ = {isa = PBXFileReference; explicitFileType = wrapper.framework; includeInIndex = 0; path = Pods_RecycleHelperTests.framework; sourceTree = BUILT_PRODUCTS_DIR; };
		D76B0168BB71BD15168AE82C /* Pods-RecycleHelperTests.debug.xcconfig */ = {isa = PBXFileReference; includeInIndex = 1; lastKnownFileType = text.xcconfig; name = "Pods-RecycleHelperTests.debug.xcconfig"; path = "Target Support Files/Pods-RecycleHelperTests/Pods-RecycleHelperTests.debug.xcconfig"; sourceTree = "<group>"; };
		E534F18B2484FB080042CBFD /* RecycleHelper.app */ = {isa = PBXFileReference; explicitFileType = wrapper.application; includeInIndex = 0; path = RecycleHelper.app; sourceTree = BUILT_PRODUCTS_DIR; };
		E534F18E2484FB080042CBFD /* AppDelegate.swift */ = {isa = PBXFileReference; lastKnownFileType = sourcecode.swift; path = AppDelegate.swift; sourceTree = "<group>"; };
		E534F1902484FB080042CBFD /* SceneDelegate.swift */ = {isa = PBXFileReference; lastKnownFileType = sourcecode.swift; path = SceneDelegate.swift; sourceTree = "<group>"; };
		E534F1922484FB080042CBFD /* ViewController.swift */ = {isa = PBXFileReference; lastKnownFileType = sourcecode.swift; path = ViewController.swift; sourceTree = "<group>"; };
		E534F1952484FB080042CBFD /* Base */ = {isa = PBXFileReference; lastKnownFileType = file.storyboard; name = Base; path = Base.lproj/Main.storyboard; sourceTree = "<group>"; };
		E534F1972484FB090042CBFD /* Assets.xcassets */ = {isa = PBXFileReference; lastKnownFileType = folder.assetcatalog; path = Assets.xcassets; sourceTree = "<group>"; };
		E534F19A2484FB090042CBFD /* Base */ = {isa = PBXFileReference; lastKnownFileType = file.storyboard; name = Base; path = Base.lproj/LaunchScreen.storyboard; sourceTree = "<group>"; };
		E534F19C2484FB090042CBFD /* Info.plist */ = {isa = PBXFileReference; lastKnownFileType = text.plist.xml; path = Info.plist; sourceTree = "<group>"; };
		E534F1A12484FB0A0042CBFD /* RecycleHelperTests.xctest */ = {isa = PBXFileReference; explicitFileType = wrapper.cfbundle; includeInIndex = 0; path = RecycleHelperTests.xctest; sourceTree = BUILT_PRODUCTS_DIR; };
		E534F1A52484FB0A0042CBFD /* RecycleHelperTests.swift */ = {isa = PBXFileReference; lastKnownFileType = sourcecode.swift; path = RecycleHelperTests.swift; sourceTree = "<group>"; };
		E534F1A72484FB0A0042CBFD /* Info.plist */ = {isa = PBXFileReference; lastKnownFileType = text.plist.xml; path = Info.plist; sourceTree = "<group>"; };
		E534F1AC2484FB0A0042CBFD /* RecycleHelperUITests.xctest */ = {isa = PBXFileReference; explicitFileType = wrapper.cfbundle; includeInIndex = 0; path = RecycleHelperUITests.xctest; sourceTree = BUILT_PRODUCTS_DIR; };
		E534F1B02484FB0A0042CBFD /* RecycleHelperUITests.swift */ = {isa = PBXFileReference; lastKnownFileType = sourcecode.swift; path = RecycleHelperUITests.swift; sourceTree = "<group>"; };
		E534F1B22484FB0A0042CBFD /* Info.plist */ = {isa = PBXFileReference; lastKnownFileType = text.plist.xml; path = Info.plist; sourceTree = "<group>"; };
		E534F1BF2484FE7A0042CBFD /* HomeViewController.swift */ = {isa = PBXFileReference; lastKnownFileType = sourcecode.swift; path = HomeViewController.swift; sourceTree = "<group>"; };
		E534F1C12484FE8E0042CBFD /* SearchViewController.swift */ = {isa = PBXFileReference; lastKnownFileType = sourcecode.swift; path = SearchViewController.swift; sourceTree = "<group>"; };
		E534F1C32484FE990042CBFD /* VisionViewController.swift */ = {isa = PBXFileReference; lastKnownFileType = sourcecode.swift; path = VisionViewController.swift; sourceTree = "<group>"; };
		E534F1C52484FEA80042CBFD /* SymbolViewController.swift */ = {isa = PBXFileReference; lastKnownFileType = sourcecode.swift; path = SymbolViewController.swift; sourceTree = "<group>"; };
		E534F1C72484FEB40042CBFD /* LocationViewController.swift */ = {isa = PBXFileReference; lastKnownFileType = sourcecode.swift; path = LocationViewController.swift; sourceTree = "<group>"; };
		E534F1C92484FEC20042CBFD /* ItemViewController.swift */ = {isa = PBXFileReference; lastKnownFileType = sourcecode.swift; path = ItemViewController.swift; sourceTree = "<group>"; };
		E534F1CC248505250042CBFD /* recycling.png */ = {isa = PBXFileReference; lastKnownFileType = image.png; path = recycling.png; sourceTree = "<group>"; };
		E534F1D124850A660042CBFD /* ItemTableViewCell.swift */ = {isa = PBXFileReference; lastKnownFileType = sourcecode.swift; path = ItemTableViewCell.swift; sourceTree = "<group>"; };
		E534F1DF24850C510042CBFD /* Constants.swift */ = {isa = PBXFileReference; fileEncoding = 4; lastKnownFileType = sourcecode.swift; path = Constants.swift; sourceTree = "<group>"; };
		E534F1E224850C7D0042CBFD /* metal_recyclable.png */ = {isa = PBXFileReference; lastKnownFileType = image.png; path = metal_recyclable.png; sourceTree = "<group>"; };
		E534F1E324850C7D0042CBFD /* plastic_recyclable.png */ = {isa = PBXFileReference; lastKnownFileType = image.png; path = plastic_recyclable.png; sourceTree = "<group>"; };
		E534F1E424850C7D0042CBFD /* paper_recyclable.png */ = {isa = PBXFileReference; lastKnownFileType = image.png; path = paper_recyclable.png; sourceTree = "<group>"; };
		E534F1E524850C7D0042CBFD /* plastic_non_recyclable.png */ = {isa = PBXFileReference; lastKnownFileType = image.png; path = plastic_non_recyclable.png; sourceTree = "<group>"; };
		E534F1E624850C7D0042CBFD /* glass_recyclable.png */ = {isa = PBXFileReference; lastKnownFileType = image.png; path = glass_recyclable.png; sourceTree = "<group>"; };
		E534F1E824850C7D0042CBFD /* check.png */ = {isa = PBXFileReference; lastKnownFileType = image.png; path = check.png; sourceTree = "<group>"; };
		E534F1E924850C7D0042CBFD /* can_recycle.png */ = {isa = PBXFileReference; lastKnownFileType = image.png; path = can_recycle.png; sourceTree = "<group>"; };
		E534F1EA24850C7D0042CBFD /* cant_recycle.png */ = {isa = PBXFileReference; lastKnownFileType = image.png; path = cant_recycle.png; sourceTree = "<group>"; };
		E534F1EB24850C7D0042CBFD /* recycle.png */ = {isa = PBXFileReference; lastKnownFileType = image.png; path = recycle.png; sourceTree = "<group>"; };
		E534F1ED24850C7D0042CBFD /* onboarding1.png */ = {isa = PBXFileReference; lastKnownFileType = image.png; path = onboarding1.png; sourceTree = "<group>"; };
		E534F1EE24850C7D0042CBFD /* onboarding3.png */ = {isa = PBXFileReference; lastKnownFileType = image.png; path = onboarding3.png; sourceTree = "<group>"; };
		E534F1EF24850C7D0042CBFD /* onboarding2.png */ = {isa = PBXFileReference; lastKnownFileType = image.png; path = onboarding2.png; sourceTree = "<group>"; };
		E534F1F024850C7D0042CBFD /* onboarding5.png */ = {isa = PBXFileReference; lastKnownFileType = image.png; path = onboarding5.png; sourceTree = "<group>"; };
		E534F1F124850C7D0042CBFD /* onboarding4.png */ = {isa = PBXFileReference; lastKnownFileType = image.png; path = onboarding4.png; sourceTree = "<group>"; };
		E534F20024850D9D0042CBFD /* InfoTableViewCell.swift */ = {isa = PBXFileReference; lastKnownFileType = sourcecode.swift; path = InfoTableViewCell.swift; sourceTree = "<group>"; };
		E534F20324856B380042CBFD /* Extensions.swift */ = {isa = PBXFileReference; fileEncoding = 4; lastKnownFileType = sourcecode.swift; name = Extensions.swift; path = "../../../../Version 2/RecycleHelper/RecycleHelper/Extensions.swift"; sourceTree = "<group>"; };
		E534F20624859F350042CBFD /* MapKit.framework */ = {isa = PBXFileReference; lastKnownFileType = wrapper.framework; name = MapKit.framework; path = System/Library/Frameworks/MapKit.framework; sourceTree = SDKROOT; };
		E534F20824859F5D0042CBFD /* RecycleHelper.entitlements */ = {isa = PBXFileReference; lastKnownFileType = text.plist.entitlements; path = RecycleHelper.entitlements; sourceTree = "<group>"; };
		E534F20B24863C990042CBFD /* Pin.png */ = {isa = PBXFileReference; lastKnownFileType = image.png; path = Pin.png; sourceTree = "<group>"; };
		E534F20D2486527A0042CBFD /* LocationInfoViewController.swift */ = {isa = PBXFileReference; lastKnownFileType = sourcecode.swift; path = LocationInfoViewController.swift; sourceTree = "<group>"; };
		E55BABED248E1E26000F803F /* circle_background.png */ = {isa = PBXFileReference; lastKnownFileType = image.png; path = circle_background.png; sourceTree = "<group>"; };
		E55BABEF248E1F99000F803F /* background_metal_recyclable.png */ = {isa = PBXFileReference; lastKnownFileType = image.png; path = background_metal_recyclable.png; sourceTree = "<group>"; };
		E55BABF0248E1F99000F803F /* background_paper_recyclable.png */ = {isa = PBXFileReference; lastKnownFileType = image.png; path = background_paper_recyclable.png; sourceTree = "<group>"; };
		E55BABF1248E1F9A000F803F /* background_plastic_non_recyclable.png */ = {isa = PBXFileReference; lastKnownFileType = image.png; path = background_plastic_non_recyclable.png; sourceTree = "<group>"; };
		E55BABF2248E1F9A000F803F /* background_plastic_recyclable.png */ = {isa = PBXFileReference; lastKnownFileType = image.png; path = background_plastic_recyclable.png; sourceTree = "<group>"; };
		E55BABF3248E1F9A000F803F /* background_glass_recyclable.png */ = {isa = PBXFileReference; lastKnownFileType = image.png; path = background_glass_recyclable.png; sourceTree = "<group>"; };
		E55BABF9248E1FA4000F803F /* background_check.png */ = {isa = PBXFileReference; lastKnownFileType = image.png; path = background_check.png; sourceTree = "<group>"; };
		E55BABFA248E1FA5000F803F /* background_can_recycle.png */ = {isa = PBXFileReference; lastKnownFileType = image.png; path = background_can_recycle.png; sourceTree = "<group>"; };
		E55BABFB248E1FA5000F803F /* background_cant_recycle.png */ = {isa = PBXFileReference; lastKnownFileType = image.png; path = background_cant_recycle.png; sourceTree = "<group>"; };
		E55BABFF248E236A000F803F /* background_6.png */ = {isa = PBXFileReference; lastKnownFileType = image.png; path = background_6.png; sourceTree = "<group>"; };
		E55BAC00248E236B000F803F /* background_5.png */ = {isa = PBXFileReference; lastKnownFileType = image.png; path = background_5.png; sourceTree = "<group>"; };
		E55BAC01248E236B000F803F /* background_1.png */ = {isa = PBXFileReference; lastKnownFileType = image.png; path = background_1.png; sourceTree = "<group>"; };
		E55BAC02248E236B000F803F /* background_2.png */ = {isa = PBXFileReference; lastKnownFileType = image.png; path = background_2.png; sourceTree = "<group>"; };
		E55BAC03248E236B000F803F /* background_3.png */ = {isa = PBXFileReference; lastKnownFileType = image.png; path = background_3.png; sourceTree = "<group>"; };
		E55BAC04248E236B000F803F /* background_7.png */ = {isa = PBXFileReference; lastKnownFileType = image.png; path = background_7.png; sourceTree = "<group>"; };
		E55BAC05248E236B000F803F /* background_4.png */ = {isa = PBXFileReference; lastKnownFileType = image.png; path = background_4.png; sourceTree = "<group>"; };
		E55BAC0D248E237F000F803F /* background_seedling.png */ = {isa = PBXFileReference; lastKnownFileType = image.png; path = background_seedling.png; sourceTree = "<group>"; };
		E55BAC0E248E2380000F803F /* background_wasteelectrical.png */ = {isa = PBXFileReference; lastKnownFileType = image.png; path = background_wasteelectrical.png; sourceTree = "<group>"; };
		E55BAC0F248E2380000F803F /* background_recyclableglass.png */ = {isa = PBXFileReference; lastKnownFileType = image.png; path = background_recyclableglass.png; sourceTree = "<group>"; };
		E55BAC10248E2380000F803F /* background_fsc.png */ = {isa = PBXFileReference; lastKnownFileType = image.png; path = background_fsc.png; sourceTree = "<group>"; };
		E55BAC11248E2381000F803F /* background_oprl1.png */ = {isa = PBXFileReference; lastKnownFileType = image.png; path = background_oprl1.png; sourceTree = "<group>"; };
		E55BAC12248E2381000F803F /* background_oprl2.png */ = {isa = PBXFileReference; lastKnownFileType = image.png; path = background_oprl2.png; sourceTree = "<group>"; };
		E55BAC13248E2381000F803F /* background_mobius.png */ = {isa = PBXFileReference; lastKnownFileType = image.png; path = background_mobius.png; sourceTree = "<group>"; };
		E55BAC14248E2381000F803F /* background_recyclablealuminium.png */ = {isa = PBXFileReference; lastKnownFileType = image.png; path = background_recyclablealuminium.png; sourceTree = "<group>"; };
		E55BAC15248E2382000F803F /* background_tidyman.png */ = {isa = PBXFileReference; lastKnownFileType = image.png; path = background_tidyman.png; sourceTree = "<group>"; };
		E55BAC16248E2382000F803F /* background_greendot.png */ = {isa = PBXFileReference; lastKnownFileType = image.png; path = background_greendot.png; sourceTree = "<group>"; };
		E55BAC17248E2382000F803F /* background_homecomposting.png */ = {isa = PBXFileReference; lastKnownFileType = image.png; path = background_homecomposting.png; sourceTree = "<group>"; };
		E55BAC18248E2383000F803F /* background_recyclablesteel.png */ = {isa = PBXFileReference; lastKnownFileType = image.png; path = background_recyclablesteel.png; sourceTree = "<group>"; };
		E55BAC29248FA7D5000F803F /* CircleProgressView.swift */ = {isa = PBXFileReference; lastKnownFileType = sourcecode.swift; path = CircleProgressView.swift; sourceTree = "<group>"; };
		E55BAC2F248FF28C000F803F /* GoalViewController.swift */ = {isa = PBXFileReference; lastKnownFileType = sourcecode.swift; path = GoalViewController.swift; sourceTree = "<group>"; };
		E5AF66392486A382007B26B5 /* oprl.png */ = {isa = PBXFileReference; lastKnownFileType = image.png; path = oprl.png; sourceTree = "<group>"; };
		E5AF663B2486A4C8007B26B5 /* plasticresincode.png */ = {isa = PBXFileReference; lastKnownFileType = image.png; path = plasticresincode.png; sourceTree = "<group>"; };
		E5AF663F2486A73F007B26B5 /* RecyclingSymbols.plist */ = {isa = PBXFileReference; lastKnownFileType = text.plist.xml; path = RecyclingSymbols.plist; sourceTree = "<group>"; };
		E5AF66422486E06B007B26B5 /* LDPE.png */ = {isa = PBXFileReference; lastKnownFileType = image.png; path = LDPE.png; sourceTree = "<group>"; };
		E5AF66432486E06B007B26B5 /* seedling.png */ = {isa = PBXFileReference; lastKnownFileType = image.png; path = seedling.png; sourceTree = "<group>"; };
		E5AF66452486E06B007B26B5 /* recyclablesteel.png */ = {isa = PBXFileReference; lastKnownFileType = image.png; path = recyclablesteel.png; sourceTree = "<group>"; };
		E5AF66462486E06B007B26B5 /* recyclablealuminium.png */ = {isa = PBXFileReference; lastKnownFileType = image.png; path = recyclablealuminium.png; sourceTree = "<group>"; };
		E5AF66472486E06B007B26B5 /* recyclableglass.png */ = {isa = PBXFileReference; lastKnownFileType = image.png; path = recyclableglass.png; sourceTree = "<group>"; };
		E5AF66482486E06B007B26B5 /* wasteelectrical.png */ = {isa = PBXFileReference; lastKnownFileType = image.png; path = wasteelectrical.png; sourceTree = "<group>"; };
		E5AF66492486E06B007B26B5 /* greendot.png */ = {isa = PBXFileReference; lastKnownFileType = image.png; path = greendot.png; sourceTree = "<group>"; };
		E5AF664A2486E06B007B26B5 /* HDPE.png */ = {isa = PBXFileReference; lastKnownFileType = image.png; path = HDPE.png; sourceTree = "<group>"; };
		E5AF664C2486E06B007B26B5 /* tidyman.png */ = {isa = PBXFileReference; lastKnownFileType = image.png; path = tidyman.png; sourceTree = "<group>"; };
		E5AF664D2486E06B007B26B5 /* PS.png */ = {isa = PBXFileReference; lastKnownFileType = image.png; path = PS.png; sourceTree = "<group>"; };
		E5AF664E2486E06B007B26B5 /* PVC.png */ = {isa = PBXFileReference; lastKnownFileType = image.png; path = PVC.png; sourceTree = "<group>"; };
		E5AF664F2486E06B007B26B5 /* PP.png */ = {isa = PBXFileReference; lastKnownFileType = image.png; path = PP.png; sourceTree = "<group>"; };
		E5AF66502486E06B007B26B5 /* fsc.png */ = {isa = PBXFileReference; lastKnownFileType = image.png; path = fsc.png; sourceTree = "<group>"; };
		E5AF66522486E06B007B26B5 /* PETE.png */ = {isa = PBXFileReference; lastKnownFileType = image.png; path = PETE.png; sourceTree = "<group>"; };
		E5AF66542486E06B007B26B5 /* otherplastic.png */ = {isa = PBXFileReference; lastKnownFileType = image.png; path = otherplastic.png; sourceTree = "<group>"; };
		E5AF66682486E7E4007B26B5 /* SymbolTableViewCell.swift */ = {isa = PBXFileReference; lastKnownFileType = sourcecode.swift; path = SymbolTableViewCell.swift; sourceTree = "<group>"; };
		E5AF666A24878557007B26B5 /* oprl2.png */ = {isa = PBXFileReference; lastKnownFileType = image.png; path = oprl2.png; sourceTree = "<group>"; };
		E5AF666B24878557007B26B5 /* oprl1.png */ = {isa = PBXFileReference; lastKnownFileType = image.png; path = oprl1.png; sourceTree = "<group>"; };
		E5AF669F24878ACF007B26B5 /* homecomposting.png */ = {isa = PBXFileReference; lastKnownFileType = image.png; path = homecomposting.png; sourceTree = "<group>"; };
		E5AF66B224878FBC007B26B5 /* mobius.png */ = {isa = PBXFileReference; lastKnownFileType = image.png; path = mobius.png; sourceTree = "<group>"; };
		E5BF2789248BD07A00682721 /* WeekdayTableViewCell.swift */ = {isa = PBXFileReference; lastKnownFileType = sourcecode.swift; path = WeekdayTableViewCell.swift; sourceTree = "<group>"; };
		E5BF278B248BD12A00682721 /* WeekdayViewController.swift */ = {isa = PBXFileReference; lastKnownFileType = sourcecode.swift; path = WeekdayViewController.swift; sourceTree = "<group>"; };
		E5BF278D248C09B400682721 /* CLTypingLabel.swift */ = {isa = PBXFileReference; lastKnownFileType = sourcecode.swift; path = CLTypingLabel.swift; sourceTree = "<group>"; };
		E5BF2791248C0A6100682721 /* OnboardingViewController.swift */ = {isa = PBXFileReference; lastKnownFileType = sourcecode.swift; path = OnboardingViewController.swift; sourceTree = "<group>"; };
		E5BF2793248C395500682721 /* SettingsViewController.swift */ = {isa = PBXFileReference; lastKnownFileType = sourcecode.swift; path = SettingsViewController.swift; sourceTree = "<group>"; };
		E5BF2795248C3B3E00682721 /* SettingsTableViewCell.swift */ = {isa = PBXFileReference; lastKnownFileType = sourcecode.swift; path = SettingsTableViewCell.swift; sourceTree = "<group>"; };
		E5BF2797248CDAEF00682721 /* ButtonTableViewCell.swift */ = {isa = PBXFileReference; lastKnownFileType = sourcecode.swift; path = ButtonTableViewCell.swift; sourceTree = "<group>"; };
		E5BF279A248D04E700682721 /* onboarding2_1.png */ = {isa = PBXFileReference; lastKnownFileType = image.png; path = onboarding2_1.png; sourceTree = "<group>"; };
		E5BF279B248D04E700682721 /* onboarding2_2.png */ = {isa = PBXFileReference; lastKnownFileType = image.png; path = onboarding2_2.png; sourceTree = "<group>"; };
		E5BF279C248D04E700682721 /* onboarding2_3.png */ = {isa = PBXFileReference; lastKnownFileType = image.png; path = onboarding2_3.png; sourceTree = "<group>"; };
		E5BF279D248D04E700682721 /* onboarding2_4.png */ = {isa = PBXFileReference; lastKnownFileType = image.png; path = onboarding2_4.png; sourceTree = "<group>"; };
		E5BF279E248D04E700682721 /* onboarding2_5.png */ = {isa = PBXFileReference; lastKnownFileType = image.png; path = onboarding2_5.png; sourceTree = "<group>"; };
		E5BF27A4248D09CD00682721 /* GoogleService-Info.plist */ = {isa = PBXFileReference; fileEncoding = 4; lastKnownFileType = text.plist.xml; name = "GoogleService-Info.plist"; path = "../../../Version 2/RecycleHelper/RecycleHelper/GoogleService-Info.plist"; sourceTree = "<group>"; };
		E5BF27A6248D1F7700682721 /* Splashscreen.png */ = {isa = PBXFileReference; lastKnownFileType = image.png; name = Splashscreen.png; path = "../../../../Version 2/RecycleHelper/RecycleHelper/Resources/Splashscreen.png"; sourceTree = "<group>"; };
		E5BF27A7248D1F7700682721 /* SearchItemsList.plist */ = {isa = PBXFileReference; fileEncoding = 4; lastKnownFileType = text.plist.xml; name = SearchItemsList.plist; path = "../../../../Version 2/RecycleHelper/RecycleHelper/Resources/SearchItemsList.plist"; sourceTree = "<group>"; };
		E5BF27A8248D1F7700682721 /* ItemList.plist */ = {isa = PBXFileReference; fileEncoding = 4; lastKnownFileType = text.plist.xml; name = ItemList.plist; path = "../../../../Version 2/RecycleHelper/RecycleHelper/Resources/ItemList.plist"; sourceTree = "<group>"; };
		E5BF27A9248D1F7700682721 /* appstore.png */ = {isa = PBXFileReference; lastKnownFileType = image.png; name = appstore.png; path = "../../../../Version 2/RecycleHelper/RecycleHelper/Resources/appstore.png"; sourceTree = "<group>"; };
		E5F47B2D2487EB5200CFC3D8 /* background4.png */ = {isa = PBXFileReference; lastKnownFileType = image.png; path = background4.png; sourceTree = "<group>"; };
		E5F47B2E2487EB5200CFC3D8 /* background2.png */ = {isa = PBXFileReference; lastKnownFileType = image.png; path = background2.png; sourceTree = "<group>"; };
		E5F47B2F2487EB5200CFC3D8 /* background3.png */ = {isa = PBXFileReference; lastKnownFileType = image.png; path = background3.png; sourceTree = "<group>"; };
		E5F47B302487EB5200CFC3D8 /* background1.png */ = {isa = PBXFileReference; lastKnownFileType = image.png; path = background1.png; sourceTree = "<group>"; };
		E5F47B3E2488DCD700CFC3D8 /* CollectionTableViewCell.swift */ = {isa = PBXFileReference; lastKnownFileType = sourcecode.swift; path = CollectionTableViewCell.swift; sourceTree = "<group>"; };
		E5F47B402488DEFE00CFC3D8 /* CollectionItem.swift */ = {isa = PBXFileReference; lastKnownFileType = sourcecode.swift; path = CollectionItem.swift; sourceTree = "<group>"; };
		E5F47B422488FA2400CFC3D8 /* NewCollectionViewController.swift */ = {isa = PBXFileReference; lastKnownFileType = sourcecode.swift; path = NewCollectionViewController.swift; sourceTree = "<group>"; };
		E5F47B442488FCC000CFC3D8 /* EventTableViewCell.swift */ = {isa = PBXFileReference; lastKnownFileType = sourcecode.swift; path = EventTableViewCell.swift; sourceTree = "<group>"; };
		E5F47B462488FCD400CFC3D8 /* DatePickerTableViewCell.swift */ = {isa = PBXFileReference; lastKnownFileType = sourcecode.swift; path = DatePickerTableViewCell.swift; sourceTree = "<group>"; };
		E5F47B4824890DF900CFC3D8 /* TitleTableViewCell.swift */ = {isa = PBXFileReference; lastKnownFileType = sourcecode.swift; path = TitleTableViewCell.swift; sourceTree = "<group>"; };
		E5F47B4A248A5BFD00CFC3D8 /* LocalNotificationManager.swift */ = {isa = PBXFileReference; lastKnownFileType = sourcecode.swift; path = LocalNotificationManager.swift; sourceTree = "<group>"; };
		E5F47B4C248A7E2D00CFC3D8 /* SetsRepeatTableViewCell.swift */ = {isa = PBXFileReference; lastKnownFileType = sourcecode.swift; path = SetsRepeatTableViewCell.swift; sourceTree = "<group>"; };
		E5F47B4E248ADCE300CFC3D8 /* WasteClassifier.mlmodel */ = {isa = PBXFileReference; lastKnownFileType = file.mlmodel; name = WasteClassifier.mlmodel; path = "../../../Version 2/RecycleHelper/WasteClassifier.mlmodel"; sourceTree = "<group>"; };
		E5F47B50248ADDA400CFC3D8 /* ObjectViewController.swift */ = {isa = PBXFileReference; lastKnownFileType = sourcecode.swift; path = ObjectViewController.swift; sourceTree = "<group>"; };
		E5F853F02487ADEC00401F4A /* 4.png */ = {isa = PBXFileReference; lastKnownFileType = image.png; path = 4.png; sourceTree = "<group>"; };
		E5F853F12487ADEC00401F4A /* 5.png */ = {isa = PBXFileReference; lastKnownFileType = image.png; path = 5.png; sourceTree = "<group>"; };
		E5F853F22487ADEC00401F4A /* 7.png */ = {isa = PBXFileReference; lastKnownFileType = image.png; path = 7.png; sourceTree = "<group>"; };
		E5F853F32487ADEC00401F4A /* 6.png */ = {isa = PBXFileReference; lastKnownFileType = image.png; path = 6.png; sourceTree = "<group>"; };
		E5F853F42487ADEC00401F4A /* 2.png */ = {isa = PBXFileReference; lastKnownFileType = image.png; path = 2.png; sourceTree = "<group>"; };
		E5F853F52487ADEC00401F4A /* 3.png */ = {isa = PBXFileReference; lastKnownFileType = image.png; path = 3.png; sourceTree = "<group>"; };
		E5F853F62487ADEC00401F4A /* 1.png */ = {isa = PBXFileReference; lastKnownFileType = image.png; path = 1.png; sourceTree = "<group>"; };
		E5F853FE2487B40700401F4A /* SymbolInfoViewController.swift */ = {isa = PBXFileReference; lastKnownFileType = sourcecode.swift; path = SymbolInfoViewController.swift; sourceTree = "<group>"; };
/* End PBXFileReference section */

/* Begin PBXFrameworksBuildPhase section */
		E534F1882484FB080042CBFD /* Frameworks */ = {
			isa = PBXFrameworksBuildPhase;
			buildActionMask = 2147483647;
			files = (
				E534F20724859F350042CBFD /* MapKit.framework in Frameworks */,
				22B4A21F77011A5155E5BCA4 /* Pods_RecycleHelper.framework in Frameworks */,
			);
			runOnlyForDeploymentPostprocessing = 0;
		};
		E534F19E2484FB0A0042CBFD /* Frameworks */ = {
			isa = PBXFrameworksBuildPhase;
			buildActionMask = 2147483647;
			files = (
				05B323AB006E291727F09DA9 /* Pods_RecycleHelperTests.framework in Frameworks */,
			);
			runOnlyForDeploymentPostprocessing = 0;
		};
		E534F1A92484FB0A0042CBFD /* Frameworks */ = {
			isa = PBXFrameworksBuildPhase;
			buildActionMask = 2147483647;
			files = (
				8551D4A92504AF8FA43E5FC8 /* Pods_RecycleHelper_RecycleHelperUITests.framework in Frameworks */,
			);
			runOnlyForDeploymentPostprocessing = 0;
		};
/* End PBXFrameworksBuildPhase section */

/* Begin PBXGroup section */
		4A6849EB5FF3858704848B77 /* Pods */ = {
			isa = PBXGroup;
			children = (
				8935B7794D561FB0513805BE /* Pods-RecycleHelper.debug.xcconfig */,
				11AC97FC25DF759ADCA4EDBD /* Pods-RecycleHelper.release.xcconfig */,
				44E6C6125495E35CC1ED402A /* Pods-RecycleHelper-RecycleHelperUITests.debug.xcconfig */,
				63DB895AE2FD90966174315C /* Pods-RecycleHelper-RecycleHelperUITests.release.xcconfig */,
				D76B0168BB71BD15168AE82C /* Pods-RecycleHelperTests.debug.xcconfig */,
				9348296009DA047425A00725 /* Pods-RecycleHelperTests.release.xcconfig */,
			);
			path = Pods;
			sourceTree = "<group>";
		};
		E534F1822484FB080042CBFD = {
			isa = PBXGroup;
			children = (
				E534F18D2484FB080042CBFD /* RecycleHelper */,
				E534F1A42484FB0A0042CBFD /* RecycleHelperTests */,
				E534F1AF2484FB0A0042CBFD /* RecycleHelperUITests */,
				E534F18C2484FB080042CBFD /* Products */,
				E534F20524859F350042CBFD /* Frameworks */,
				4A6849EB5FF3858704848B77 /* Pods */,
			);
			sourceTree = "<group>";
		};
		E534F18C2484FB080042CBFD /* Products */ = {
			isa = PBXGroup;
			children = (
				E534F18B2484FB080042CBFD /* RecycleHelper.app */,
				E534F1A12484FB0A0042CBFD /* RecycleHelperTests.xctest */,
				E534F1AC2484FB0A0042CBFD /* RecycleHelperUITests.xctest */,
			);
			name = Products;
			sourceTree = "<group>";
		};
		E534F18D2484FB080042CBFD /* RecycleHelper */ = {
			isa = PBXGroup;
			children = (
				E5BF27A4248D09CD00682721 /* GoogleService-Info.plist */,
				E5F47B4E248ADCE300CFC3D8 /* WasteClassifier.mlmodel */,
				E534F20824859F5D0042CBFD /* RecycleHelper.entitlements */,
				E534F20224856B1D0042CBFD /* Model */,
				E534F1D024850A4A0042CBFD /* View */,
				E534F1CB248505120042CBFD /* Resources */,
				E534F1BE2484FE680042CBFD /* Controllers */,
				E534F1972484FB090042CBFD /* Assets.xcassets */,
				E534F19C2484FB090042CBFD /* Info.plist */,
			);
			path = RecycleHelper;
			sourceTree = "<group>";
		};
		E534F1A42484FB0A0042CBFD /* RecycleHelperTests */ = {
			isa = PBXGroup;
			children = (
				E534F1A52484FB0A0042CBFD /* RecycleHelperTests.swift */,
				E534F1A72484FB0A0042CBFD /* Info.plist */,
			);
			path = RecycleHelperTests;
			sourceTree = "<group>";
		};
		E534F1AF2484FB0A0042CBFD /* RecycleHelperUITests */ = {
			isa = PBXGroup;
			children = (
				E534F1B02484FB0A0042CBFD /* RecycleHelperUITests.swift */,
				E534F1B22484FB0A0042CBFD /* Info.plist */,
			);
			path = RecycleHelperUITests;
			sourceTree = "<group>";
		};
		E534F1BE2484FE680042CBFD /* Controllers */ = {
			isa = PBXGroup;
			children = (
				E5BF2791248C0A6100682721 /* OnboardingViewController.swift */,
				E534F1BF2484FE7A0042CBFD /* HomeViewController.swift */,
				E5BF2793248C395500682721 /* SettingsViewController.swift */,
				E55BAC2F248FF28C000F803F /* GoalViewController.swift */,
				E5F47B422488FA2400CFC3D8 /* NewCollectionViewController.swift */,
				E5BF278B248BD12A00682721 /* WeekdayViewController.swift */,
				E534F1C12484FE8E0042CBFD /* SearchViewController.swift */,
				E534F1C92484FEC20042CBFD /* ItemViewController.swift */,
				E534F1922484FB080042CBFD /* ViewController.swift */,
				E534F1C32484FE990042CBFD /* VisionViewController.swift */,
				E5F47B50248ADDA400CFC3D8 /* ObjectViewController.swift */,
				E534F1C52484FEA80042CBFD /* SymbolViewController.swift */,
				E5F853FE2487B40700401F4A /* SymbolInfoViewController.swift */,
				E534F1C72484FEB40042CBFD /* LocationViewController.swift */,
				E534F20D2486527A0042CBFD /* LocationInfoViewController.swift */,
			);
			path = Controllers;
			sourceTree = "<group>";
		};
		E534F1CB248505120042CBFD /* Resources */ = {
			isa = PBXGroup;
			children = (
				E5BF27A9248D1F7700682721 /* appstore.png */,
				E5BF27A8248D1F7700682721 /* ItemList.plist */,
				E5BF27A7248D1F7700682721 /* SearchItemsList.plist */,
				E5BF27A6248D1F7700682721 /* Splashscreen.png */,
				E5BF2799248D04E700682721 /* Onboarding2 */,
				E5F47B2C2487EB5200CFC3D8 /* Backgrounds */,
				E5AF66412486E06B007B26B5 /* Labels */,
				E5AF663B2486A4C8007B26B5 /* plasticresincode.png */,
				E5AF66392486A382007B26B5 /* oprl.png */,
				E534F20B24863C990042CBFD /* Pin.png */,
				E534F1E124850C7D0042CBFD /* Categories */,
				E534F1EC24850C7D0042CBFD /* Onboarding */,
				E534F1E724850C7D0042CBFD /* Recycling Instructions */,
				E534F1CC248505250042CBFD /* recycling.png */,
				E5AF663F2486A73F007B26B5 /* RecyclingSymbols.plist */,
			);
			path = Resources;
			sourceTree = "<group>";
		};
		E534F1D024850A4A0042CBFD /* View */ = {
			isa = PBXGroup;
			children = (
				E534F1942484FB080042CBFD /* Main.storyboard */,
				E534F1992484FB090042CBFD /* LaunchScreen.storyboard */,
				E534F1D124850A660042CBFD /* ItemTableViewCell.swift */,
				E534F20024850D9D0042CBFD /* InfoTableViewCell.swift */,
				E5AF66682486E7E4007B26B5 /* SymbolTableViewCell.swift */,
				E5F47B3E2488DCD700CFC3D8 /* CollectionTableViewCell.swift */,
				E5F47B442488FCC000CFC3D8 /* EventTableViewCell.swift */,
				E5F47B462488FCD400CFC3D8 /* DatePickerTableViewCell.swift */,
				E5F47B4824890DF900CFC3D8 /* TitleTableViewCell.swift */,
				E5F47B4C248A7E2D00CFC3D8 /* SetsRepeatTableViewCell.swift */,
				E5BF2789248BD07A00682721 /* WeekdayTableViewCell.swift */,
				E5BF278D248C09B400682721 /* CLTypingLabel.swift */,
				E5BF2795248C3B3E00682721 /* SettingsTableViewCell.swift */,
				E5BF2797248CDAEF00682721 /* ButtonTableViewCell.swift */,
				E55BAC29248FA7D5000F803F /* CircleProgressView.swift */,
			);
			path = View;
			sourceTree = "<group>";
		};
		E534F1E124850C7D0042CBFD /* Categories */ = {
			isa = PBXGroup;
			children = (
				E55BABF3248E1F9A000F803F /* background_glass_recyclable.png */,
				E55BABEF248E1F99000F803F /* background_metal_recyclable.png */,
				E55BABF0248E1F99000F803F /* background_paper_recyclable.png */,
				E55BABF1248E1F9A000F803F /* background_plastic_non_recyclable.png */,
				E55BABF2248E1F9A000F803F /* background_plastic_recyclable.png */,
				E534F1E224850C7D0042CBFD /* metal_recyclable.png */,
				E534F1E324850C7D0042CBFD /* plastic_recyclable.png */,
				E534F1E424850C7D0042CBFD /* paper_recyclable.png */,
				E534F1E524850C7D0042CBFD /* plastic_non_recyclable.png */,
				E534F1E624850C7D0042CBFD /* glass_recyclable.png */,
			);
			name = Categories;
			path = "../../../../Version 2/RecycleHelper/RecycleHelper/Resources/Categories";
			sourceTree = "<group>";
		};
		E534F1E724850C7D0042CBFD /* Recycling Instructions */ = {
			isa = PBXGroup;
			children = (
				E55BABFA248E1FA5000F803F /* background_can_recycle.png */,
				E55BABFB248E1FA5000F803F /* background_cant_recycle.png */,
				E55BABF9248E1FA4000F803F /* background_check.png */,
				E534F1E824850C7D0042CBFD /* check.png */,
				E534F1E924850C7D0042CBFD /* can_recycle.png */,
				E534F1EA24850C7D0042CBFD /* cant_recycle.png */,
				E534F1EB24850C7D0042CBFD /* recycle.png */,
			);
			name = "Recycling Instructions";
			path = "../../../../Version 2/RecycleHelper/RecycleHelper/Resources/Recycling Instructions";
			sourceTree = "<group>";
		};
		E534F1EC24850C7D0042CBFD /* Onboarding */ = {
			isa = PBXGroup;
			children = (
				E534F1ED24850C7D0042CBFD /* onboarding1.png */,
				E534F1EE24850C7D0042CBFD /* onboarding3.png */,
				E534F1EF24850C7D0042CBFD /* onboarding2.png */,
				E534F1F024850C7D0042CBFD /* onboarding5.png */,
				E534F1F124850C7D0042CBFD /* onboarding4.png */,
			);
			name = Onboarding;
			path = "../../../../Version 2/RecycleHelper/RecycleHelper/Resources/Onboarding";
			sourceTree = "<group>";
		};
		E534F20224856B1D0042CBFD /* Model */ = {
			isa = PBXGroup;
			children = (
				E534F20324856B380042CBFD /* Extensions.swift */,
				E534F18E2484FB080042CBFD /* AppDelegate.swift */,
				E534F1902484FB080042CBFD /* SceneDelegate.swift */,
				E534F1DF24850C510042CBFD /* Constants.swift */,
				E5F47B402488DEFE00CFC3D8 /* CollectionItem.swift */,
				E5F47B4A248A5BFD00CFC3D8 /* LocalNotificationManager.swift */,
			);
			path = Model;
			sourceTree = "<group>";
		};
		E534F20524859F350042CBFD /* Frameworks */ = {
			isa = PBXGroup;
			children = (
				E534F20624859F350042CBFD /* MapKit.framework */,
				9C188B3E74B7D82BA7ECF06B /* Pods_RecycleHelper.framework */,
				57BC861333FED190B86CCB26 /* Pods_RecycleHelper_RecycleHelperUITests.framework */,
				CC35F56A9B0754E75D5ADAC8 /* Pods_RecycleHelperTests.framework */,
			);
			name = Frameworks;
			sourceTree = "<group>";
		};
		E5AF66412486E06B007B26B5 /* Labels */ = {
			isa = PBXGroup;
			children = (
				E55BAC10248E2380000F803F /* background_fsc.png */,
				E55BAC16248E2382000F803F /* background_greendot.png */,
				E55BAC17248E2382000F803F /* background_homecomposting.png */,
				E55BAC13248E2381000F803F /* background_mobius.png */,
				E55BAC11248E2381000F803F /* background_oprl1.png */,
				E55BAC12248E2381000F803F /* background_oprl2.png */,
				E55BAC14248E2381000F803F /* background_recyclablealuminium.png */,
				E55BAC0F248E2380000F803F /* background_recyclableglass.png */,
				E55BAC18248E2383000F803F /* background_recyclablesteel.png */,
				E55BAC0D248E237F000F803F /* background_seedling.png */,
				E55BAC15248E2382000F803F /* background_tidyman.png */,
				E55BAC0E248E2380000F803F /* background_wasteelectrical.png */,
				E5F853EF2487ADEC00401F4A /* Plastic */,
				E5AF66B224878FBC007B26B5 /* mobius.png */,
				E5AF669F24878ACF007B26B5 /* homecomposting.png */,
				E5AF666B24878557007B26B5 /* oprl1.png */,
				E5AF666A24878557007B26B5 /* oprl2.png */,
				E5AF66422486E06B007B26B5 /* LDPE.png */,
				E5AF66432486E06B007B26B5 /* seedling.png */,
				E5AF66452486E06B007B26B5 /* recyclablesteel.png */,
				E5AF66462486E06B007B26B5 /* recyclablealuminium.png */,
				E5AF66472486E06B007B26B5 /* recyclableglass.png */,
				E5AF66482486E06B007B26B5 /* wasteelectrical.png */,
				E5AF66492486E06B007B26B5 /* greendot.png */,
				E5AF664A2486E06B007B26B5 /* HDPE.png */,
				E5AF664C2486E06B007B26B5 /* tidyman.png */,
				E5AF664D2486E06B007B26B5 /* PS.png */,
				E5AF664E2486E06B007B26B5 /* PVC.png */,
				E5AF664F2486E06B007B26B5 /* PP.png */,
				E5AF66502486E06B007B26B5 /* fsc.png */,
				E5AF66522486E06B007B26B5 /* PETE.png */,
				E5AF66542486E06B007B26B5 /* otherplastic.png */,
			);
			path = Labels;
			sourceTree = "<group>";
		};
		E5BF2799248D04E700682721 /* Onboarding2 */ = {
			isa = PBXGroup;
			children = (
				E5BF279A248D04E700682721 /* onboarding2_1.png */,
				E5BF279B248D04E700682721 /* onboarding2_2.png */,
				E5BF279C248D04E700682721 /* onboarding2_3.png */,
				E5BF279D248D04E700682721 /* onboarding2_4.png */,
				E5BF279E248D04E700682721 /* onboarding2_5.png */,
			);
			path = Onboarding2;
			sourceTree = "<group>";
		};
		E5F47B2C2487EB5200CFC3D8 /* Backgrounds */ = {
			isa = PBXGroup;
			children = (
				E55BABED248E1E26000F803F /* circle_background.png */,
				E5F47B2D2487EB5200CFC3D8 /* background4.png */,
				E5F47B2E2487EB5200CFC3D8 /* background2.png */,
				E5F47B2F2487EB5200CFC3D8 /* background3.png */,
				E5F47B302487EB5200CFC3D8 /* background1.png */,
			);
			name = Backgrounds;
			path = "../../../../Version 2/RecycleHelper/RecycleHelper/Resources/Backgrounds";
			sourceTree = "<group>";
		};
		E5F853EF2487ADEC00401F4A /* Plastic */ = {
			isa = PBXGroup;
			children = (
				E55BAC01248E236B000F803F /* background_1.png */,
				E55BAC02248E236B000F803F /* background_2.png */,
				E55BAC03248E236B000F803F /* background_3.png */,
				E55BAC05248E236B000F803F /* background_4.png */,
				E55BAC00248E236B000F803F /* background_5.png */,
				E55BABFF248E236A000F803F /* background_6.png */,
				E55BAC04248E236B000F803F /* background_7.png */,
				E5F853F02487ADEC00401F4A /* 4.png */,
				E5F853F12487ADEC00401F4A /* 5.png */,
				E5F853F22487ADEC00401F4A /* 7.png */,
				E5F853F32487ADEC00401F4A /* 6.png */,
				E5F853F42487ADEC00401F4A /* 2.png */,
				E5F853F52487ADEC00401F4A /* 3.png */,
				E5F853F62487ADEC00401F4A /* 1.png */,
			);
			path = Plastic;
			sourceTree = "<group>";
		};
/* End PBXGroup section */

/* Begin PBXNativeTarget section */
		E534F18A2484FB080042CBFD /* RecycleHelper */ = {
			isa = PBXNativeTarget;
			buildConfigurationList = E534F1B52484FB0A0042CBFD /* Build configuration list for PBXNativeTarget "RecycleHelper" */;
			buildPhases = (
				1474F5C2D1A448CAEA6A4E4C /* [CP] Check Pods Manifest.lock */,
				E534F1872484FB080042CBFD /* Sources */,
				E534F1882484FB080042CBFD /* Frameworks */,
				E534F1892484FB080042CBFD /* Resources */,
				274BABCCB990FAF6101C6A5A /* [CP] Embed Pods Frameworks */,
			);
			buildRules = (
			);
			dependencies = (
			);
			name = RecycleHelper;
			productName = RecycleHelper;
			productReference = E534F18B2484FB080042CBFD /* RecycleHelper.app */;
			productType = "com.apple.product-type.application";
		};
		E534F1A02484FB0A0042CBFD /* RecycleHelperTests */ = {
			isa = PBXNativeTarget;
			buildConfigurationList = E534F1B82484FB0A0042CBFD /* Build configuration list for PBXNativeTarget "RecycleHelperTests" */;
			buildPhases = (
				4C753C1EE02A2C7EE6877AFC /* [CP] Check Pods Manifest.lock */,
				E534F19D2484FB0A0042CBFD /* Sources */,
				E534F19E2484FB0A0042CBFD /* Frameworks */,
				E534F19F2484FB0A0042CBFD /* Resources */,
			);
			buildRules = (
			);
			dependencies = (
				E534F1A32484FB0A0042CBFD /* PBXTargetDependency */,
			);
			name = RecycleHelperTests;
			productName = RecycleHelperTests;
			productReference = E534F1A12484FB0A0042CBFD /* RecycleHelperTests.xctest */;
			productType = "com.apple.product-type.bundle.unit-test";
		};
		E534F1AB2484FB0A0042CBFD /* RecycleHelperUITests */ = {
			isa = PBXNativeTarget;
			buildConfigurationList = E534F1BB2484FB0A0042CBFD /* Build configuration list for PBXNativeTarget "RecycleHelperUITests" */;
			buildPhases = (
				E79E84B7B014C0EA2A457E25 /* [CP] Check Pods Manifest.lock */,
				E534F1A82484FB0A0042CBFD /* Sources */,
				E534F1A92484FB0A0042CBFD /* Frameworks */,
				E534F1AA2484FB0A0042CBFD /* Resources */,
				7B3D64229B790CD0C7DD4068 /* [CP] Embed Pods Frameworks */,
			);
			buildRules = (
			);
			dependencies = (
				E534F1AE2484FB0A0042CBFD /* PBXTargetDependency */,
			);
			name = RecycleHelperUITests;
			productName = RecycleHelperUITests;
			productReference = E534F1AC2484FB0A0042CBFD /* RecycleHelperUITests.xctest */;
			productType = "com.apple.product-type.bundle.ui-testing";
		};
/* End PBXNativeTarget section */

/* Begin PBXProject section */
		E534F1832484FB080042CBFD /* Project object */ = {
			isa = PBXProject;
			attributes = {
				LastSwiftUpdateCheck = 1150;
				LastUpgradeCheck = 1150;
				ORGANIZATIONNAME = "Becca Hallam";
				TargetAttributes = {
					E534F18A2484FB080042CBFD = {
						CreatedOnToolsVersion = 11.5;
					};
					E534F1A02484FB0A0042CBFD = {
						CreatedOnToolsVersion = 11.5;
						TestTargetID = E534F18A2484FB080042CBFD;
					};
					E534F1AB2484FB0A0042CBFD = {
						CreatedOnToolsVersion = 11.5;
						TestTargetID = E534F18A2484FB080042CBFD;
					};
				};
			};
			buildConfigurationList = E534F1862484FB080042CBFD /* Build configuration list for PBXProject "RecycleHelper" */;
			compatibilityVersion = "Xcode 9.3";
			developmentRegion = en;
			hasScannedForEncodings = 0;
			knownRegions = (
				en,
				Base,
			);
			mainGroup = E534F1822484FB080042CBFD;
			productRefGroup = E534F18C2484FB080042CBFD /* Products */;
			projectDirPath = "";
			projectRoot = "";
			targets = (
				E534F18A2484FB080042CBFD /* RecycleHelper */,
				E534F1A02484FB0A0042CBFD /* RecycleHelperTests */,
				E534F1AB2484FB0A0042CBFD /* RecycleHelperUITests */,
			);
		};
/* End PBXProject section */

/* Begin PBXResourcesBuildPhase section */
		E534F1892484FB080042CBFD /* Resources */ = {
			isa = PBXResourcesBuildPhase;
			buildActionMask = 2147483647;
			files = (
				E534F1F624850C7D0042CBFD /* glass_recyclable.png in Resources */,
				E55BAC19248E2383000F803F /* background_seedling.png in Resources */,
				E5F47B362487EB5200CFC3D8 /* background1.png in Resources */,
				E5AF66582486E06B007B26B5 /* recyclablesteel.png in Resources */,
				E5F853FB2487ADEC00401F4A /* 2.png in Resources */,
				E534F20C24863C990042CBFD /* Pin.png in Resources */,
				E5BF279F248D04E700682721 /* onboarding2_1.png in Resources */,
				E55BAC20248E2383000F803F /* background_recyclablealuminium.png in Resources */,
				E534F1CD248505250042CBFD /* recycling.png in Resources */,
				E55BAC0B248E236C000F803F /* background_7.png in Resources */,
				E5AF666D24878558007B26B5 /* oprl1.png in Resources */,
				E55BAC24248E2383000F803F /* background_recyclablesteel.png in Resources */,
				E55BABF8248E1F9A000F803F /* background_glass_recyclable.png in Resources */,
				E5AF66602486E06B007B26B5 /* PS.png in Resources */,
				E534F19B2484FB090042CBFD /* LaunchScreen.storyboard in Resources */,
				E534F1982484FB090042CBFD /* Assets.xcassets in Resources */,
				E534F1F724850C7D0042CBFD /* check.png in Resources */,
				E5AF66652486E06B007B26B5 /* PETE.png in Resources */,
				E5BF27A5248D09CD00682721 /* GoogleService-Info.plist in Resources */,
				E55BAC1D248E2383000F803F /* background_oprl1.png in Resources */,
				E5F47B342487EB5200CFC3D8 /* background2.png in Resources */,
				E534F1FF24850C7D0042CBFD /* onboarding4.png in Resources */,
				E5BF27A3248D04E700682721 /* onboarding2_5.png in Resources */,
				E5AF665A2486E06B007B26B5 /* recyclableglass.png in Resources */,
				E534F1F224850C7D0042CBFD /* metal_recyclable.png in Resources */,
				E5AF665F2486E06B007B26B5 /* tidyman.png in Resources */,
				E5AF66612486E06B007B26B5 /* PVC.png in Resources */,
				E55BAC1C248E2383000F803F /* background_fsc.png in Resources */,
				E534F1F424850C7D0042CBFD /* paper_recyclable.png in Resources */,
				E5AF66402486A73F007B26B5 /* RecyclingSymbols.plist in Resources */,
				E5AF66632486E06B007B26B5 /* fsc.png in Resources */,
				E5BF27A1248D04E700682721 /* onboarding2_3.png in Resources */,
				E55BABF4248E1F9A000F803F /* background_metal_recyclable.png in Resources */,
				E534F1FA24850C7D0042CBFD /* recycle.png in Resources */,
				E55BAC09248E236C000F803F /* background_2.png in Resources */,
				E534F1FC24850C7D0042CBFD /* onboarding3.png in Resources */,
				E5AF666C24878558007B26B5 /* oprl2.png in Resources */,
				E55BABEE248E1E26000F803F /* circle_background.png in Resources */,
				E55BAC08248E236C000F803F /* background_1.png in Resources */,
				E5AF66A024878AD0007B26B5 /* homecomposting.png in Resources */,
				E5BF27A0248D04E700682721 /* onboarding2_2.png in Resources */,
				E55BAC07248E236C000F803F /* background_5.png in Resources */,
				E55BABF6248E1F9A000F803F /* background_plastic_non_recyclable.png in Resources */,
				E5AF66622486E06B007B26B5 /* PP.png in Resources */,
				E55BABF5248E1F9A000F803F /* background_paper_recyclable.png in Resources */,
				E534F1F324850C7D0042CBFD /* plastic_recyclable.png in Resources */,
				E5AF665D2486E06B007B26B5 /* HDPE.png in Resources */,
				E5AF66592486E06B007B26B5 /* recyclablealuminium.png in Resources */,
				E55BAC1F248E2383000F803F /* background_mobius.png in Resources */,
				E55BAC1A248E2383000F803F /* background_wasteelectrical.png in Resources */,
				E5BF27AC248D1F7800682721 /* ItemList.plist in Resources */,
				E55BAC06248E236C000F803F /* background_6.png in Resources */,
				E5F853FD2487ADEC00401F4A /* 1.png in Resources */,
				E5F853FC2487ADEC00401F4A /* 3.png in Resources */,
				E534F1F924850C7D0042CBFD /* cant_recycle.png in Resources */,
				E55BAC1B248E2383000F803F /* background_recyclableglass.png in Resources */,
				E55BAC1E248E2383000F803F /* background_oprl2.png in Resources */,
				E5F853F92487ADEC00401F4A /* 7.png in Resources */,
				E5AF66562486E06B007B26B5 /* seedling.png in Resources */,
				E5BF27AB248D1F7800682721 /* SearchItemsList.plist in Resources */,
				E534F1FD24850C7D0042CBFD /* onboarding2.png in Resources */,
				E5F47B352487EB5200CFC3D8 /* background3.png in Resources */,
				E534F1FE24850C7D0042CBFD /* onboarding5.png in Resources */,
				E55BAC0A248E236C000F803F /* background_3.png in Resources */,
				E5AF66B324878FBC007B26B5 /* mobius.png in Resources */,
				E55BABFC248E1FA5000F803F /* background_check.png in Resources */,
				E55BAC22248E2383000F803F /* background_greendot.png in Resources */,
				E5F853FA2487ADEC00401F4A /* 6.png in Resources */,
				E5AF66672486E06B007B26B5 /* otherplastic.png in Resources */,
				E5F853F72487ADEC00401F4A /* 4.png in Resources */,
				E5F853F82487ADEC00401F4A /* 5.png in Resources */,
				E534F1962484FB080042CBFD /* Main.storyboard in Resources */,
				E55BAC23248E2383000F803F /* background_homecomposting.png in Resources */,
				E5BF27A2248D04E700682721 /* onboarding2_4.png in Resources */,
				E5AF665C2486E06B007B26B5 /* greendot.png in Resources */,
				E55BAC0C248E236C000F803F /* background_4.png in Resources */,
				E534F1FB24850C7D0042CBFD /* onboarding1.png in Resources */,
				E5AF665B2486E06B007B26B5 /* wasteelectrical.png in Resources */,
				E534F1F824850C7D0042CBFD /* can_recycle.png in Resources */,
				E55BAC21248E2383000F803F /* background_tidyman.png in Resources */,
				E5BF27AA248D1F7800682721 /* Splashscreen.png in Resources */,
				E55BABFD248E1FA5000F803F /* background_can_recycle.png in Resources */,
				E5AF663C2486A4C8007B26B5 /* plasticresincode.png in Resources */,
				E5BF27AD248D1F7800682721 /* appstore.png in Resources */,
				E5AF66552486E06B007B26B5 /* LDPE.png in Resources */,
				E55BABF7248E1F9A000F803F /* background_plastic_recyclable.png in Resources */,
				E534F1F524850C7D0042CBFD /* plastic_non_recyclable.png in Resources */,
				E5F47B332487EB5200CFC3D8 /* background4.png in Resources */,
				E55BABFE248E1FA5000F803F /* background_cant_recycle.png in Resources */,
				E5AF663A2486A382007B26B5 /* oprl.png in Resources */,
			);
			runOnlyForDeploymentPostprocessing = 0;
		};
		E534F19F2484FB0A0042CBFD /* Resources */ = {
			isa = PBXResourcesBuildPhase;
			buildActionMask = 2147483647;
			files = (
			);
			runOnlyForDeploymentPostprocessing = 0;
		};
		E534F1AA2484FB0A0042CBFD /* Resources */ = {
			isa = PBXResourcesBuildPhase;
			buildActionMask = 2147483647;
			files = (
			);
			runOnlyForDeploymentPostprocessing = 0;
		};
/* End PBXResourcesBuildPhase section */

/* Begin PBXShellScriptBuildPhase section */
		1474F5C2D1A448CAEA6A4E4C /* [CP] Check Pods Manifest.lock */ = {
			isa = PBXShellScriptBuildPhase;
			buildActionMask = 2147483647;
			files = (
			);
			inputFileListPaths = (
			);
			inputPaths = (
				"${PODS_PODFILE_DIR_PATH}/Podfile.lock",
				"${PODS_ROOT}/Manifest.lock",
			);
			name = "[CP] Check Pods Manifest.lock";
			outputFileListPaths = (
			);
			outputPaths = (
				"$(DERIVED_FILE_DIR)/Pods-RecycleHelper-checkManifestLockResult.txt",
			);
			runOnlyForDeploymentPostprocessing = 0;
			shellPath = /bin/sh;
			shellScript = "diff \"${PODS_PODFILE_DIR_PATH}/Podfile.lock\" \"${PODS_ROOT}/Manifest.lock\" > /dev/null\nif [ $? != 0 ] ; then\n    # print error to STDERR\n    echo \"error: The sandbox is not in sync with the Podfile.lock. Run 'pod install' or update your CocoaPods installation.\" >&2\n    exit 1\nfi\n# This output is used by Xcode 'outputs' to avoid re-running this script phase.\necho \"SUCCESS\" > \"${SCRIPT_OUTPUT_FILE_0}\"\n";
			showEnvVarsInLog = 0;
		};
		274BABCCB990FAF6101C6A5A /* [CP] Embed Pods Frameworks */ = {
			isa = PBXShellScriptBuildPhase;
			buildActionMask = 2147483647;
			files = (
			);
			inputFileListPaths = (
				"${PODS_ROOT}/Target Support Files/Pods-RecycleHelper/Pods-RecycleHelper-frameworks-${CONFIGURATION}-input-files.xcfilelist",
			);
			name = "[CP] Embed Pods Frameworks";
			outputFileListPaths = (
				"${PODS_ROOT}/Target Support Files/Pods-RecycleHelper/Pods-RecycleHelper-frameworks-${CONFIGURATION}-output-files.xcfilelist",
			);
			runOnlyForDeploymentPostprocessing = 0;
			shellPath = /bin/sh;
			shellScript = "\"${PODS_ROOT}/Target Support Files/Pods-RecycleHelper/Pods-RecycleHelper-frameworks.sh\"\n";
			showEnvVarsInLog = 0;
		};
		4C753C1EE02A2C7EE6877AFC /* [CP] Check Pods Manifest.lock */ = {
			isa = PBXShellScriptBuildPhase;
			buildActionMask = 2147483647;
			files = (
			);
			inputFileListPaths = (
			);
			inputPaths = (
				"${PODS_PODFILE_DIR_PATH}/Podfile.lock",
				"${PODS_ROOT}/Manifest.lock",
			);
			name = "[CP] Check Pods Manifest.lock";
			outputFileListPaths = (
			);
			outputPaths = (
				"$(DERIVED_FILE_DIR)/Pods-RecycleHelperTests-checkManifestLockResult.txt",
			);
			runOnlyForDeploymentPostprocessing = 0;
			shellPath = /bin/sh;
			shellScript = "diff \"${PODS_PODFILE_DIR_PATH}/Podfile.lock\" \"${PODS_ROOT}/Manifest.lock\" > /dev/null\nif [ $? != 0 ] ; then\n    # print error to STDERR\n    echo \"error: The sandbox is not in sync with the Podfile.lock. Run 'pod install' or update your CocoaPods installation.\" >&2\n    exit 1\nfi\n# This output is used by Xcode 'outputs' to avoid re-running this script phase.\necho \"SUCCESS\" > \"${SCRIPT_OUTPUT_FILE_0}\"\n";
			showEnvVarsInLog = 0;
		};
		7B3D64229B790CD0C7DD4068 /* [CP] Embed Pods Frameworks */ = {
			isa = PBXShellScriptBuildPhase;
			buildActionMask = 2147483647;
			files = (
			);
			inputFileListPaths = (
				"${PODS_ROOT}/Target Support Files/Pods-RecycleHelper-RecycleHelperUITests/Pods-RecycleHelper-RecycleHelperUITests-frameworks-${CONFIGURATION}-input-files.xcfilelist",
			);
			name = "[CP] Embed Pods Frameworks";
			outputFileListPaths = (
				"${PODS_ROOT}/Target Support Files/Pods-RecycleHelper-RecycleHelperUITests/Pods-RecycleHelper-RecycleHelperUITests-frameworks-${CONFIGURATION}-output-files.xcfilelist",
			);
			runOnlyForDeploymentPostprocessing = 0;
			shellPath = /bin/sh;
			shellScript = "\"${PODS_ROOT}/Target Support Files/Pods-RecycleHelper-RecycleHelperUITests/Pods-RecycleHelper-RecycleHelperUITests-frameworks.sh\"\n";
			showEnvVarsInLog = 0;
		};
		E79E84B7B014C0EA2A457E25 /* [CP] Check Pods Manifest.lock */ = {
			isa = PBXShellScriptBuildPhase;
			buildActionMask = 2147483647;
			files = (
			);
			inputFileListPaths = (
			);
			inputPaths = (
				"${PODS_PODFILE_DIR_PATH}/Podfile.lock",
				"${PODS_ROOT}/Manifest.lock",
			);
			name = "[CP] Check Pods Manifest.lock";
			outputFileListPaths = (
			);
			outputPaths = (
				"$(DERIVED_FILE_DIR)/Pods-RecycleHelper-RecycleHelperUITests-checkManifestLockResult.txt",
			);
			runOnlyForDeploymentPostprocessing = 0;
			shellPath = /bin/sh;
			shellScript = "diff \"${PODS_PODFILE_DIR_PATH}/Podfile.lock\" \"${PODS_ROOT}/Manifest.lock\" > /dev/null\nif [ $? != 0 ] ; then\n    # print error to STDERR\n    echo \"error: The sandbox is not in sync with the Podfile.lock. Run 'pod install' or update your CocoaPods installation.\" >&2\n    exit 1\nfi\n# This output is used by Xcode 'outputs' to avoid re-running this script phase.\necho \"SUCCESS\" > \"${SCRIPT_OUTPUT_FILE_0}\"\n";
			showEnvVarsInLog = 0;
		};
/* End PBXShellScriptBuildPhase section */

/* Begin PBXSourcesBuildPhase section */
		E534F1872484FB080042CBFD /* Sources */ = {
			isa = PBXSourcesBuildPhase;
			buildActionMask = 2147483647;
			files = (
				E534F1C22484FE8E0042CBFD /* SearchViewController.swift in Sources */,
				E534F1E024850C510042CBFD /* Constants.swift in Sources */,
				E5F47B4B248A5BFD00CFC3D8 /* LocalNotificationManager.swift in Sources */,
				E5F47B4D248A7E2D00CFC3D8 /* SetsRepeatTableViewCell.swift in Sources */,
				E534F20E2486527A0042CBFD /* LocationInfoViewController.swift in Sources */,
				E5AF66692486E7E4007B26B5 /* SymbolTableViewCell.swift in Sources */,
				E534F1932484FB080042CBFD /* ViewController.swift in Sources */,
				E5F47B51248ADDA400CFC3D8 /* ObjectViewController.swift in Sources */,
				E5F47B472488FCD400CFC3D8 /* DatePickerTableViewCell.swift in Sources */,
				E5BF278E248C09B400682721 /* CLTypingLabel.swift in Sources */,
				E5BF2796248C3B3E00682721 /* SettingsTableViewCell.swift in Sources */,
				E534F1D224850A660042CBFD /* ItemTableViewCell.swift in Sources */,
				E5BF2798248CDAEF00682721 /* ButtonTableViewCell.swift in Sources */,
				E534F18F2484FB080042CBFD /* AppDelegate.swift in Sources */,
				E5F47B3F2488DCD700CFC3D8 /* CollectionTableViewCell.swift in Sources */,
				E5F47B452488FCC000CFC3D8 /* EventTableViewCell.swift in Sources */,
				E534F1912484FB080042CBFD /* SceneDelegate.swift in Sources */,
				E534F1C42484FE990042CBFD /* VisionViewController.swift in Sources */,
				E5BF278A248BD07A00682721 /* WeekdayTableViewCell.swift in Sources */,
				E534F1C62484FEA80042CBFD /* SymbolViewController.swift in Sources */,
				E5F853FF2487B40700401F4A /* SymbolInfoViewController.swift in Sources */,
				E55BAC30248FF28C000F803F /* GoalViewController.swift in Sources */,
				E5F47B4924890DF900CFC3D8 /* TitleTableViewCell.swift in Sources */,
				E5BF2794248C395500682721 /* SettingsViewController.swift in Sources */,
				E55BAC2A248FA7D5000F803F /* CircleProgressView.swift in Sources */,
				E534F20424856B380042CBFD /* Extensions.swift in Sources */,
				E534F1C02484FE7A0042CBFD /* HomeViewController.swift in Sources */,
				E5BF2792248C0A6100682721 /* OnboardingViewController.swift in Sources */,
				E5F47B412488DEFE00CFC3D8 /* CollectionItem.swift in Sources */,
				E534F20124850D9D0042CBFD /* InfoTableViewCell.swift in Sources */,
				E5BF278C248BD12A00682721 /* WeekdayViewController.swift in Sources */,
				E534F1C82484FEB40042CBFD /* LocationViewController.swift in Sources */,
				E5F47B4F248ADCE300CFC3D8 /* WasteClassifier.mlmodel in Sources */,
				E534F1CA2484FEC20042CBFD /* ItemViewController.swift in Sources */,
				E5F47B432488FA2400CFC3D8 /* NewCollectionViewController.swift in Sources */,
			);
			runOnlyForDeploymentPostprocessing = 0;
		};
		E534F19D2484FB0A0042CBFD /* Sources */ = {
			isa = PBXSourcesBuildPhase;
			buildActionMask = 2147483647;
			files = (
				E534F1A62484FB0A0042CBFD /* RecycleHelperTests.swift in Sources */,
			);
			runOnlyForDeploymentPostprocessing = 0;
		};
		E534F1A82484FB0A0042CBFD /* Sources */ = {
			isa = PBXSourcesBuildPhase;
			buildActionMask = 2147483647;
			files = (
				E534F1B12484FB0A0042CBFD /* RecycleHelperUITests.swift in Sources */,
			);
			runOnlyForDeploymentPostprocessing = 0;
		};
/* End PBXSourcesBuildPhase section */

/* Begin PBXTargetDependency section */
		E534F1A32484FB0A0042CBFD /* PBXTargetDependency */ = {
			isa = PBXTargetDependency;
			target = E534F18A2484FB080042CBFD /* RecycleHelper */;
			targetProxy = E534F1A22484FB0A0042CBFD /* PBXContainerItemProxy */;
		};
		E534F1AE2484FB0A0042CBFD /* PBXTargetDependency */ = {
			isa = PBXTargetDependency;
			target = E534F18A2484FB080042CBFD /* RecycleHelper */;
			targetProxy = E534F1AD2484FB0A0042CBFD /* PBXContainerItemProxy */;
		};
/* End PBXTargetDependency section */

/* Begin PBXVariantGroup section */
		E534F1942484FB080042CBFD /* Main.storyboard */ = {
			isa = PBXVariantGroup;
			children = (
				E534F1952484FB080042CBFD /* Base */,
			);
			name = Main.storyboard;
			sourceTree = "<group>";
		};
		E534F1992484FB090042CBFD /* LaunchScreen.storyboard */ = {
			isa = PBXVariantGroup;
			children = (
				E534F19A2484FB090042CBFD /* Base */,
			);
			name = LaunchScreen.storyboard;
			sourceTree = "<group>";
		};
/* End PBXVariantGroup section */

/* Begin XCBuildConfiguration section */
		E534F1B32484FB0A0042CBFD /* Debug */ = {
			isa = XCBuildConfiguration;
			buildSettings = {
				ALWAYS_SEARCH_USER_PATHS = NO;
				CLANG_ANALYZER_NONNULL = YES;
				CLANG_ANALYZER_NUMBER_OBJECT_CONVERSION = YES_AGGRESSIVE;
				CLANG_CXX_LANGUAGE_STANDARD = "gnu++14";
				CLANG_CXX_LIBRARY = "libc++";
				CLANG_ENABLE_MODULES = YES;
				CLANG_ENABLE_OBJC_ARC = YES;
				CLANG_ENABLE_OBJC_WEAK = YES;
				CLANG_WARN_BLOCK_CAPTURE_AUTORELEASING = YES;
				CLANG_WARN_BOOL_CONVERSION = YES;
				CLANG_WARN_COMMA = YES;
				CLANG_WARN_CONSTANT_CONVERSION = YES;
				CLANG_WARN_DEPRECATED_OBJC_IMPLEMENTATIONS = YES;
				CLANG_WARN_DIRECT_OBJC_ISA_USAGE = YES_ERROR;
				CLANG_WARN_DOCUMENTATION_COMMENTS = YES;
				CLANG_WARN_EMPTY_BODY = YES;
				CLANG_WARN_ENUM_CONVERSION = YES;
				CLANG_WARN_INFINITE_RECURSION = YES;
				CLANG_WARN_INT_CONVERSION = YES;
				CLANG_WARN_NON_LITERAL_NULL_CONVERSION = YES;
				CLANG_WARN_OBJC_IMPLICIT_RETAIN_SELF = YES;
				CLANG_WARN_OBJC_LITERAL_CONVERSION = YES;
				CLANG_WARN_OBJC_ROOT_CLASS = YES_ERROR;
				CLANG_WARN_RANGE_LOOP_ANALYSIS = YES;
				CLANG_WARN_STRICT_PROTOTYPES = YES;
				CLANG_WARN_SUSPICIOUS_MOVE = YES;
				CLANG_WARN_UNGUARDED_AVAILABILITY = YES_AGGRESSIVE;
				CLANG_WARN_UNREACHABLE_CODE = YES;
				CLANG_WARN__DUPLICATE_METHOD_MATCH = YES;
				COPY_PHASE_STRIP = NO;
				DEBUG_INFORMATION_FORMAT = dwarf;
				ENABLE_STRICT_OBJC_MSGSEND = YES;
				ENABLE_TESTABILITY = YES;
				GCC_C_LANGUAGE_STANDARD = gnu11;
				GCC_DYNAMIC_NO_PIC = NO;
				GCC_NO_COMMON_BLOCKS = YES;
				GCC_OPTIMIZATION_LEVEL = 0;
				GCC_PREPROCESSOR_DEFINITIONS = (
					"DEBUG=1",
					"$(inherited)",
				);
				GCC_WARN_64_TO_32_BIT_CONVERSION = YES;
				GCC_WARN_ABOUT_RETURN_TYPE = YES_ERROR;
				GCC_WARN_UNDECLARED_SELECTOR = YES;
				GCC_WARN_UNINITIALIZED_AUTOS = YES_AGGRESSIVE;
				GCC_WARN_UNUSED_FUNCTION = YES;
				GCC_WARN_UNUSED_VARIABLE = YES;
				IPHONEOS_DEPLOYMENT_TARGET = 13.5;
				MTL_ENABLE_DEBUG_INFO = INCLUDE_SOURCE;
				MTL_FAST_MATH = YES;
				ONLY_ACTIVE_ARCH = YES;
				SDKROOT = iphoneos;
				SWIFT_ACTIVE_COMPILATION_CONDITIONS = DEBUG;
				SWIFT_OPTIMIZATION_LEVEL = "-Onone";
			};
			name = Debug;
		};
		E534F1B42484FB0A0042CBFD /* Release */ = {
			isa = XCBuildConfiguration;
			buildSettings = {
				ALWAYS_SEARCH_USER_PATHS = NO;
				CLANG_ANALYZER_NONNULL = YES;
				CLANG_ANALYZER_NUMBER_OBJECT_CONVERSION = YES_AGGRESSIVE;
				CLANG_CXX_LANGUAGE_STANDARD = "gnu++14";
				CLANG_CXX_LIBRARY = "libc++";
				CLANG_ENABLE_MODULES = YES;
				CLANG_ENABLE_OBJC_ARC = YES;
				CLANG_ENABLE_OBJC_WEAK = YES;
				CLANG_WARN_BLOCK_CAPTURE_AUTORELEASING = YES;
				CLANG_WARN_BOOL_CONVERSION = YES;
				CLANG_WARN_COMMA = YES;
				CLANG_WARN_CONSTANT_CONVERSION = YES;
				CLANG_WARN_DEPRECATED_OBJC_IMPLEMENTATIONS = YES;
				CLANG_WARN_DIRECT_OBJC_ISA_USAGE = YES_ERROR;
				CLANG_WARN_DOCUMENTATION_COMMENTS = YES;
				CLANG_WARN_EMPTY_BODY = YES;
				CLANG_WARN_ENUM_CONVERSION = YES;
				CLANG_WARN_INFINITE_RECURSION = YES;
				CLANG_WARN_INT_CONVERSION = YES;
				CLANG_WARN_NON_LITERAL_NULL_CONVERSION = YES;
				CLANG_WARN_OBJC_IMPLICIT_RETAIN_SELF = YES;
				CLANG_WARN_OBJC_LITERAL_CONVERSION = YES;
				CLANG_WARN_OBJC_ROOT_CLASS = YES_ERROR;
				CLANG_WARN_RANGE_LOOP_ANALYSIS = YES;
				CLANG_WARN_STRICT_PROTOTYPES = YES;
				CLANG_WARN_SUSPICIOUS_MOVE = YES;
				CLANG_WARN_UNGUARDED_AVAILABILITY = YES_AGGRESSIVE;
				CLANG_WARN_UNREACHABLE_CODE = YES;
				CLANG_WARN__DUPLICATE_METHOD_MATCH = YES;
				COPY_PHASE_STRIP = NO;
				DEBUG_INFORMATION_FORMAT = "dwarf-with-dsym";
				ENABLE_NS_ASSERTIONS = NO;
				ENABLE_STRICT_OBJC_MSGSEND = YES;
				GCC_C_LANGUAGE_STANDARD = gnu11;
				GCC_NO_COMMON_BLOCKS = YES;
				GCC_WARN_64_TO_32_BIT_CONVERSION = YES;
				GCC_WARN_ABOUT_RETURN_TYPE = YES_ERROR;
				GCC_WARN_UNDECLARED_SELECTOR = YES;
				GCC_WARN_UNINITIALIZED_AUTOS = YES_AGGRESSIVE;
				GCC_WARN_UNUSED_FUNCTION = YES;
				GCC_WARN_UNUSED_VARIABLE = YES;
				IPHONEOS_DEPLOYMENT_TARGET = 13.5;
				MTL_ENABLE_DEBUG_INFO = NO;
				MTL_FAST_MATH = YES;
				SDKROOT = iphoneos;
				SWIFT_COMPILATION_MODE = wholemodule;
				SWIFT_OPTIMIZATION_LEVEL = "-O";
				VALIDATE_PRODUCT = YES;
			};
			name = Release;
		};
		E534F1B62484FB0A0042CBFD /* Debug */ = {
			isa = XCBuildConfiguration;
			baseConfigurationReference = 8935B7794D561FB0513805BE /* Pods-RecycleHelper.debug.xcconfig */;
			buildSettings = {
				ASSETCATALOG_COMPILER_APPICON_NAME = AppIcon;
				CODE_SIGN_ENTITLEMENTS = RecycleHelper/RecycleHelper.entitlements;
				CODE_SIGN_STYLE = Automatic;
				CURRENT_PROJECT_VERSION = 2;
				DEVELOPMENT_TEAM = A98WJKXVLM;
				INFOPLIST_FILE = RecycleHelper/Info.plist;
				IPHONEOS_DEPLOYMENT_TARGET = 13.0;
				LD_RUNPATH_SEARCH_PATHS = (
					"$(inherited)",
					"@executable_path/Frameworks",
				);
				MARKETING_VERSION = 3.0;
				PRODUCT_BUNDLE_IDENTIFIER = com.RebeccaHallam.RecycleHelper;
				PRODUCT_NAME = "$(TARGET_NAME)";
				SWIFT_VERSION = 5.0;
				TARGETED_DEVICE_FAMILY = "1,2";
			};
			name = Debug;
		};
		E534F1B72484FB0A0042CBFD /* Release */ = {
			isa = XCBuildConfiguration;
			baseConfigurationReference = 11AC97FC25DF759ADCA4EDBD /* Pods-RecycleHelper.release.xcconfig */;
			buildSettings = {
				ASSETCATALOG_COMPILER_APPICON_NAME = AppIcon;
				CODE_SIGN_ENTITLEMENTS = RecycleHelper/RecycleHelper.entitlements;
				CODE_SIGN_STYLE = Automatic;
				CURRENT_PROJECT_VERSION = 2;
				DEVELOPMENT_TEAM = A98WJKXVLM;
				INFOPLIST_FILE = RecycleHelper/Info.plist;
				IPHONEOS_DEPLOYMENT_TARGET = 13.0;
				LD_RUNPATH_SEARCH_PATHS = (
					"$(inherited)",
					"@executable_path/Frameworks",
				);
				MARKETING_VERSION = 3.0;
				PRODUCT_BUNDLE_IDENTIFIER = com.RebeccaHallam.RecycleHelper;
				PRODUCT_NAME = "$(TARGET_NAME)";
				SWIFT_VERSION = 5.0;
				TARGETED_DEVICE_FAMILY = "1,2";
			};
			name = Release;
		};
		E534F1B92484FB0A0042CBFD /* Debug */ = {
			isa = XCBuildConfiguration;
			baseConfigurationReference = D76B0168BB71BD15168AE82C /* Pods-RecycleHelperTests.debug.xcconfig */;
			buildSettings = {
				ALWAYS_EMBED_SWIFT_STANDARD_LIBRARIES = YES;
				BUNDLE_LOADER = "$(TEST_HOST)";
				CODE_SIGN_STYLE = Automatic;
				DEVELOPMENT_TEAM = A98WJKXVLM;
				INFOPLIST_FILE = RecycleHelperTests/Info.plist;
				IPHONEOS_DEPLOYMENT_TARGET = 13.5;
				LD_RUNPATH_SEARCH_PATHS = (
					"$(inherited)",
					"@executable_path/Frameworks",
					"@loader_path/Frameworks",
				);
				PRODUCT_BUNDLE_IDENTIFIER = com.RebeccaHallam.RecycleHelperTests;
				PRODUCT_NAME = "$(TARGET_NAME)";
				SWIFT_VERSION = 5.0;
				TARGETED_DEVICE_FAMILY = "1,2";
				TEST_HOST = "$(BUILT_PRODUCTS_DIR)/RecycleHelper.app/RecycleHelper";
			};
			name = Debug;
		};
		E534F1BA2484FB0A0042CBFD /* Release */ = {
			isa = XCBuildConfiguration;
			baseConfigurationReference = 9348296009DA047425A00725 /* Pods-RecycleHelperTests.release.xcconfig */;
			buildSettings = {
				ALWAYS_EMBED_SWIFT_STANDARD_LIBRARIES = YES;
				BUNDLE_LOADER = "$(TEST_HOST)";
				CODE_SIGN_STYLE = Automatic;
				DEVELOPMENT_TEAM = A98WJKXVLM;
				INFOPLIST_FILE = RecycleHelperTests/Info.plist;
				IPHONEOS_DEPLOYMENT_TARGET = 13.5;
				LD_RUNPATH_SEARCH_PATHS = (
					"$(inherited)",
					"@executable_path/Frameworks",
					"@loader_path/Frameworks",
				);
				PRODUCT_BUNDLE_IDENTIFIER = com.RebeccaHallam.RecycleHelperTests;
				PRODUCT_NAME = "$(TARGET_NAME)";
				SWIFT_VERSION = 5.0;
				TARGETED_DEVICE_FAMILY = "1,2";
				TEST_HOST = "$(BUILT_PRODUCTS_DIR)/RecycleHelper.app/RecycleHelper";
			};
			name = Release;
		};
		E534F1BC2484FB0A0042CBFD /* Debug */ = {
			isa = XCBuildConfiguration;
			baseConfigurationReference = 44E6C6125495E35CC1ED402A /* Pods-RecycleHelper-RecycleHelperUITests.debug.xcconfig */;
			buildSettings = {
				ALWAYS_EMBED_SWIFT_STANDARD_LIBRARIES = YES;
				CODE_SIGN_STYLE = Automatic;
				DEVELOPMENT_TEAM = A98WJKXVLM;
				INFOPLIST_FILE = RecycleHelperUITests/Info.plist;
				LD_RUNPATH_SEARCH_PATHS = (
					"$(inherited)",
					"@executable_path/Frameworks",
					"@loader_path/Frameworks",
				);
				PRODUCT_BUNDLE_IDENTIFIER = com.RebeccaHallam.RecycleHelperUITests;
				PRODUCT_NAME = "$(TARGET_NAME)";
				SWIFT_VERSION = 5.0;
				TARGETED_DEVICE_FAMILY = "1,2";
				TEST_TARGET_NAME = RecycleHelper;
			};
			name = Debug;
		};
		E534F1BD2484FB0A0042CBFD /* Release */ = {
			isa = XCBuildConfiguration;
			baseConfigurationReference = 63DB895AE2FD90966174315C /* Pods-RecycleHelper-RecycleHelperUITests.release.xcconfig */;
			buildSettings = {
				ALWAYS_EMBED_SWIFT_STANDARD_LIBRARIES = YES;
				CODE_SIGN_STYLE = Automatic;
				DEVELOPMENT_TEAM = A98WJKXVLM;
				INFOPLIST_FILE = RecycleHelperUITests/Info.plist;
				LD_RUNPATH_SEARCH_PATHS = (
					"$(inherited)",
					"@executable_path/Frameworks",
					"@loader_path/Frameworks",
				);
				PRODUCT_BUNDLE_IDENTIFIER = com.RebeccaHallam.RecycleHelperUITests;
				PRODUCT_NAME = "$(TARGET_NAME)";
				SWIFT_VERSION = 5.0;
				TARGETED_DEVICE_FAMILY = "1,2";
				TEST_TARGET_NAME = RecycleHelper;
			};
			name = Release;
		};
/* End XCBuildConfiguration section */

/* Begin XCConfigurationList section */
		E534F1862484FB080042CBFD /* Build configuration list for PBXProject "RecycleHelper" */ = {
			isa = XCConfigurationList;
			buildConfigurations = (
				E534F1B32484FB0A0042CBFD /* Debug */,
				E534F1B42484FB0A0042CBFD /* Release */,
			);
			defaultConfigurationIsVisible = 0;
			defaultConfigurationName = Release;
		};
		E534F1B52484FB0A0042CBFD /* Build configuration list for PBXNativeTarget "RecycleHelper" */ = {
			isa = XCConfigurationList;
			buildConfigurations = (
				E534F1B62484FB0A0042CBFD /* Debug */,
				E534F1B72484FB0A0042CBFD /* Release */,
			);
			defaultConfigurationIsVisible = 0;
			defaultConfigurationName = Release;
		};
		E534F1B82484FB0A0042CBFD /* Build configuration list for PBXNativeTarget "RecycleHelperTests" */ = {
			isa = XCConfigurationList;
			buildConfigurations = (
				E534F1B92484FB0A0042CBFD /* Debug */,
				E534F1BA2484FB0A0042CBFD /* Release */,
			);
			defaultConfigurationIsVisible = 0;
			defaultConfigurationName = Release;
		};
		E534F1BB2484FB0A0042CBFD /* Build configuration list for PBXNativeTarget "RecycleHelperUITests" */ = {
			isa = XCConfigurationList;
			buildConfigurations = (
				E534F1BC2484FB0A0042CBFD /* Debug */,
				E534F1BD2484FB0A0042CBFD /* Release */,
			);
			defaultConfigurationIsVisible = 0;
			defaultConfigurationName = Release;
		};
/* End XCConfigurationList section */
	};
	rootObject = E534F1832484FB080042CBFD /* Project object */;
}
