// !$*UTF8*$!
{
	archiveVersion = 1;
	classes = {
	};
	objectVersion = 51;
	objects = {

/* Begin PBXBuildFile section */
		36597A3B3BAB67F2197BEB37 /* Pods_RecycleHelper_RecycleHelperUITests.framework in Frameworks */ = {isa = PBXBuildFile; fileRef = 0AA8689A08B57E6DC13D976E /* Pods_RecycleHelper_RecycleHelperUITests.framework */; };
		73240D97BA28045A38869832 /* Pods_RecycleHelper.framework in Frameworks */ = {isa = PBXBuildFile; fileRef = 7F7CA13B266779D7BADF18C1 /* Pods_RecycleHelper.framework */; };
		9C83425B3FC93B7582F05F74 /* Pods_RecycleHelperTests.framework in Frameworks */ = {isa = PBXBuildFile; fileRef = 0729845E4EDAA2A333F792FB /* Pods_RecycleHelperTests.framework */; };
		E503EC62246AF5DA00225A54 /* License.txt in Resources */ = {isa = PBXBuildFile; fileRef = E503EC61246AF5DA00225A54 /* License.txt */; };
		E503EC67246B044200225A54 /* ViewController.swift in Sources */ = {isa = PBXBuildFile; fileRef = E503EC66246B044200225A54 /* ViewController.swift */; };
		E503EC69246B148F00225A54 /* VisionOCRViewController.swift in Sources */ = {isa = PBXBuildFile; fileRef = E503EC68246B148F00225A54 /* VisionOCRViewController.swift */; };
		E5A381FC246B4288005DEAC5 /* Constants.swift in Sources */ = {isa = PBXBuildFile; fileRef = E5A381FB246B4288005DEAC5 /* Constants.swift */; };
		E5A381FE246B42BF005DEAC5 /* ItemViewController.swift in Sources */ = {isa = PBXBuildFile; fileRef = E5A381FD246B42BF005DEAC5 /* ItemViewController.swift */; };
		E5A38207246DCFCA005DEAC5 /* tessdata in Resources */ = {isa = PBXBuildFile; fileRef = E5A38206246DCFCA005DEAC5 /* tessdata */; };
		E5A38209246DCFF6005DEAC5 /* CoreImage.framework in Frameworks */ = {isa = PBXBuildFile; fileRef = E5A38208246DCFF6005DEAC5 /* CoreImage.framework */; };
		E5A3820F246E9513005DEAC5 /* GoogleService-Info.plist in Resources */ = {isa = PBXBuildFile; fileRef = E5A3820E246E9513005DEAC5 /* GoogleService-Info.plist */; };
		E5A38210246E9513005DEAC5 /* GoogleService-Info.plist in Resources */ = {isa = PBXBuildFile; fileRef = E5A3820E246E9513005DEAC5 /* GoogleService-Info.plist */; };
		E5A38211246E9513005DEAC5 /* GoogleService-Info.plist in Resources */ = {isa = PBXBuildFile; fileRef = E5A3820E246E9513005DEAC5 /* GoogleService-Info.plist */; };
		E5A38216246FEF47005DEAC5 /* glass.jpg in Resources */ = {isa = PBXBuildFile; fileRef = E5A38212246FEF45005DEAC5 /* glass.jpg */; };
		E5A38217246FEF47005DEAC5 /* ItemList.plist in Resources */ = {isa = PBXBuildFile; fileRef = E5A38213246FEF46005DEAC5 /* ItemList.plist */; };
		E5A38218246FEF47005DEAC5 /* metal.jpg in Resources */ = {isa = PBXBuildFile; fileRef = E5A38214246FEF46005DEAC5 /* metal.jpg */; };
		E5A38219246FEF47005DEAC5 /* plastic.jpg in Resources */ = {isa = PBXBuildFile; fileRef = E5A38215246FEF46005DEAC5 /* plastic.jpg */; };
		E5A3821B246FF4B4005DEAC5 /* paper_and_cardboard.jpg in Resources */ = {isa = PBXBuildFile; fileRef = E5A3821A246FF4B4005DEAC5 /* paper_and_cardboard.jpg */; };
		E5A3821D24702606005DEAC5 /* paper.jpg in Resources */ = {isa = PBXBuildFile; fileRef = E5A3821C24702606005DEAC5 /* paper.jpg */; };
		E5A3821F247043BE005DEAC5 /* VisionViewController.swift in Sources */ = {isa = PBXBuildFile; fileRef = E5A3821E247043BE005DEAC5 /* VisionViewController.swift */; };
		E5A3822424706C18005DEAC5 /* onboarding2.png in Resources */ = {isa = PBXBuildFile; fileRef = E5A3822024706C16005DEAC5 /* onboarding2.png */; };
		E5A3822524706C18005DEAC5 /* onboarding3.png in Resources */ = {isa = PBXBuildFile; fileRef = E5A3822124706C17005DEAC5 /* onboarding3.png */; };
		E5A3822624706C18005DEAC5 /* onboarding4.png in Resources */ = {isa = PBXBuildFile; fileRef = E5A3822224706C17005DEAC5 /* onboarding4.png */; };
		E5A3822724706C18005DEAC5 /* onboarding1.png in Resources */ = {isa = PBXBuildFile; fileRef = E5A3822324706C17005DEAC5 /* onboarding1.png */; };
		E5A382292471ACFB005DEAC5 /* OnboardingViewController.swift in Sources */ = {isa = PBXBuildFile; fileRef = E5A382282471ACFB005DEAC5 /* OnboardingViewController.swift */; };
		E5ADD1DA246AE9ED0030CD19 /* AppDelegate.swift in Sources */ = {isa = PBXBuildFile; fileRef = E5ADD1D9246AE9ED0030CD19 /* AppDelegate.swift */; };
		E5ADD1DC246AE9ED0030CD19 /* SceneDelegate.swift in Sources */ = {isa = PBXBuildFile; fileRef = E5ADD1DB246AE9ED0030CD19 /* SceneDelegate.swift */; };
		E5ADD1DE246AE9ED0030CD19 /* WelcomeViewController.swift in Sources */ = {isa = PBXBuildFile; fileRef = E5ADD1DD246AE9ED0030CD19 /* WelcomeViewController.swift */; };
		E5ADD1E1246AE9ED0030CD19 /* Main.storyboard in Resources */ = {isa = PBXBuildFile; fileRef = E5ADD1DF246AE9ED0030CD19 /* Main.storyboard */; };
		E5ADD1E3246AE9F20030CD19 /* Assets.xcassets in Resources */ = {isa = PBXBuildFile; fileRef = E5ADD1E2246AE9F20030CD19 /* Assets.xcassets */; };
		E5ADD1E6246AE9F20030CD19 /* LaunchScreen.storyboard in Resources */ = {isa = PBXBuildFile; fileRef = E5ADD1E4246AE9F20030CD19 /* LaunchScreen.storyboard */; };
		E5ADD1F1246AE9F30030CD19 /* RecycleHelperTests.swift in Sources */ = {isa = PBXBuildFile; fileRef = E5ADD1F0246AE9F30030CD19 /* RecycleHelperTests.swift */; };
		E5ADD1FC246AE9F30030CD19 /* RecycleHelperUITests.swift in Sources */ = {isa = PBXBuildFile; fileRef = E5ADD1FB246AE9F30030CD19 /* RecycleHelperUITests.swift */; };
		E5CD4F6D2471C86200DEB567 /* InfoViewController.swift in Sources */ = {isa = PBXBuildFile; fileRef = E5CD4F6C2471C86200DEB567 /* InfoViewController.swift */; };
/* End PBXBuildFile section */

/* Begin PBXContainerItemProxy section */
		E5ADD1ED246AE9F30030CD19 /* PBXContainerItemProxy */ = {
			isa = PBXContainerItemProxy;
			containerPortal = E5ADD1CE246AE9ED0030CD19 /* Project object */;
			proxyType = 1;
			remoteGlobalIDString = E5ADD1D5246AE9ED0030CD19;
			remoteInfo = RecycleHelper;
		};
		E5ADD1F8246AE9F30030CD19 /* PBXContainerItemProxy */ = {
			isa = PBXContainerItemProxy;
			containerPortal = E5ADD1CE246AE9ED0030CD19 /* Project object */;
			proxyType = 1;
			remoteGlobalIDString = E5ADD1D5246AE9ED0030CD19;
			remoteInfo = RecycleHelper;
		};
/* End PBXContainerItemProxy section */

/* Begin PBXFileReference section */
		0729845E4EDAA2A333F792FB /* Pods_RecycleHelperTests.framework */ = {isa = PBXFileReference; explicitFileType = wrapper.framework; includeInIndex = 0; path = Pods_RecycleHelperTests.framework; sourceTree = BUILT_PRODUCTS_DIR; };
		0AA8689A08B57E6DC13D976E /* Pods_RecycleHelper_RecycleHelperUITests.framework */ = {isa = PBXFileReference; explicitFileType = wrapper.framework; includeInIndex = 0; path = Pods_RecycleHelper_RecycleHelperUITests.framework; sourceTree = BUILT_PRODUCTS_DIR; };
		7F7CA13B266779D7BADF18C1 /* Pods_RecycleHelper.framework */ = {isa = PBXFileReference; explicitFileType = wrapper.framework; includeInIndex = 0; path = Pods_RecycleHelper.framework; sourceTree = BUILT_PRODUCTS_DIR; };
		A462B3A49ED68EDE39648E4F /* Pods-RecycleHelper.debug.xcconfig */ = {isa = PBXFileReference; includeInIndex = 1; lastKnownFileType = text.xcconfig; name = "Pods-RecycleHelper.debug.xcconfig"; path = "Target Support Files/Pods-RecycleHelper/Pods-RecycleHelper.debug.xcconfig"; sourceTree = "<group>"; };
		A8527F5CA83F62EE5B76FC49 /* Pods-RecycleHelperTests.release.xcconfig */ = {isa = PBXFileReference; includeInIndex = 1; lastKnownFileType = text.xcconfig; name = "Pods-RecycleHelperTests.release.xcconfig"; path = "Target Support Files/Pods-RecycleHelperTests/Pods-RecycleHelperTests.release.xcconfig"; sourceTree = "<group>"; };
		D0AD8001534544E923A98291 /* Pods-RecycleHelper.release.xcconfig */ = {isa = PBXFileReference; includeInIndex = 1; lastKnownFileType = text.xcconfig; name = "Pods-RecycleHelper.release.xcconfig"; path = "Target Support Files/Pods-RecycleHelper/Pods-RecycleHelper.release.xcconfig"; sourceTree = "<group>"; };
		DC84702100FFB2F936DE3449 /* Pods-RecycleHelperTests.debug.xcconfig */ = {isa = PBXFileReference; includeInIndex = 1; lastKnownFileType = text.xcconfig; name = "Pods-RecycleHelperTests.debug.xcconfig"; path = "Target Support Files/Pods-RecycleHelperTests/Pods-RecycleHelperTests.debug.xcconfig"; sourceTree = "<group>"; };
		E3F47CB5EF36D0B0E2A7D09F /* Pods-RecycleHelper-RecycleHelperUITests.release.xcconfig */ = {isa = PBXFileReference; includeInIndex = 1; lastKnownFileType = text.xcconfig; name = "Pods-RecycleHelper-RecycleHelperUITests.release.xcconfig"; path = "Target Support Files/Pods-RecycleHelper-RecycleHelperUITests/Pods-RecycleHelper-RecycleHelperUITests.release.xcconfig"; sourceTree = "<group>"; };
		E503EC61246AF5DA00225A54 /* License.txt */ = {isa = PBXFileReference; lastKnownFileType = text; path = License.txt; sourceTree = "<group>"; };
		E503EC66246B044200225A54 /* ViewController.swift */ = {isa = PBXFileReference; lastKnownFileType = sourcecode.swift; path = ViewController.swift; sourceTree = "<group>"; };
		E503EC68246B148F00225A54 /* VisionOCRViewController.swift */ = {isa = PBXFileReference; lastKnownFileType = sourcecode.swift; path = VisionOCRViewController.swift; sourceTree = "<group>"; };
		E5A381FB246B4288005DEAC5 /* Constants.swift */ = {isa = PBXFileReference; lastKnownFileType = sourcecode.swift; path = Constants.swift; sourceTree = "<group>"; };
		E5A381FD246B42BF005DEAC5 /* ItemViewController.swift */ = {isa = PBXFileReference; lastKnownFileType = sourcecode.swift; path = ItemViewController.swift; sourceTree = "<group>"; };
		E5A38206246DCFCA005DEAC5 /* tessdata */ = {isa = PBXFileReference; lastKnownFileType = folder; path = tessdata; sourceTree = "<group>"; };
		E5A38208246DCFF6005DEAC5 /* CoreImage.framework */ = {isa = PBXFileReference; lastKnownFileType = wrapper.framework; name = CoreImage.framework; path = System/Library/Frameworks/CoreImage.framework; sourceTree = SDKROOT; };
		E5A3820E246E9513005DEAC5 /* GoogleService-Info.plist */ = {isa = PBXFileReference; fileEncoding = 4; lastKnownFileType = text.plist.xml; path = "GoogleService-Info.plist"; sourceTree = "<group>"; };
		E5A38212246FEF45005DEAC5 /* glass.jpg */ = {isa = PBXFileReference; lastKnownFileType = image.jpeg; path = glass.jpg; sourceTree = "<group>"; };
		E5A38213246FEF46005DEAC5 /* ItemList.plist */ = {isa = PBXFileReference; fileEncoding = 4; lastKnownFileType = text.plist.xml; path = ItemList.plist; sourceTree = "<group>"; };
		E5A38214246FEF46005DEAC5 /* metal.jpg */ = {isa = PBXFileReference; lastKnownFileType = image.jpeg; path = metal.jpg; sourceTree = "<group>"; };
		E5A38215246FEF46005DEAC5 /* plastic.jpg */ = {isa = PBXFileReference; lastKnownFileType = image.jpeg; path = plastic.jpg; sourceTree = "<group>"; };
		E5A3821A246FF4B4005DEAC5 /* paper_and_cardboard.jpg */ = {isa = PBXFileReference; lastKnownFileType = image.jpeg; path = paper_and_cardboard.jpg; sourceTree = "<group>"; };
		E5A3821C24702606005DEAC5 /* paper.jpg */ = {isa = PBXFileReference; lastKnownFileType = image.jpeg; path = paper.jpg; sourceTree = "<group>"; };
		E5A3821E247043BE005DEAC5 /* VisionViewController.swift */ = {isa = PBXFileReference; lastKnownFileType = sourcecode.swift; path = VisionViewController.swift; sourceTree = "<group>"; };
		E5A3822024706C16005DEAC5 /* onboarding2.png */ = {isa = PBXFileReference; lastKnownFileType = image.png; path = onboarding2.png; sourceTree = "<group>"; };
		E5A3822124706C17005DEAC5 /* onboarding3.png */ = {isa = PBXFileReference; lastKnownFileType = image.png; path = onboarding3.png; sourceTree = "<group>"; };
		E5A3822224706C17005DEAC5 /* onboarding4.png */ = {isa = PBXFileReference; lastKnownFileType = image.png; path = onboarding4.png; sourceTree = "<group>"; };
		E5A3822324706C17005DEAC5 /* onboarding1.png */ = {isa = PBXFileReference; lastKnownFileType = image.png; path = onboarding1.png; sourceTree = "<group>"; };
		E5A382282471ACFB005DEAC5 /* OnboardingViewController.swift */ = {isa = PBXFileReference; lastKnownFileType = sourcecode.swift; path = OnboardingViewController.swift; sourceTree = "<group>"; };
		E5ADD1D6246AE9ED0030CD19 /* RecycleHelper.app */ = {isa = PBXFileReference; explicitFileType = wrapper.application; includeInIndex = 0; path = RecycleHelper.app; sourceTree = BUILT_PRODUCTS_DIR; };
		E5ADD1D9246AE9ED0030CD19 /* AppDelegate.swift */ = {isa = PBXFileReference; lastKnownFileType = sourcecode.swift; path = AppDelegate.swift; sourceTree = "<group>"; };
		E5ADD1DB246AE9ED0030CD19 /* SceneDelegate.swift */ = {isa = PBXFileReference; lastKnownFileType = sourcecode.swift; path = SceneDelegate.swift; sourceTree = "<group>"; };
		E5ADD1DD246AE9ED0030CD19 /* WelcomeViewController.swift */ = {isa = PBXFileReference; lastKnownFileType = sourcecode.swift; path = WelcomeViewController.swift; sourceTree = "<group>"; };
		E5ADD1E0246AE9ED0030CD19 /* Base */ = {isa = PBXFileReference; lastKnownFileType = file.storyboard; name = Base; path = Base.lproj/Main.storyboard; sourceTree = "<group>"; };
		E5ADD1E2246AE9F20030CD19 /* Assets.xcassets */ = {isa = PBXFileReference; lastKnownFileType = folder.assetcatalog; path = Assets.xcassets; sourceTree = "<group>"; };
		E5ADD1E5246AE9F20030CD19 /* Base */ = {isa = PBXFileReference; lastKnownFileType = file.storyboard; name = Base; path = Base.lproj/LaunchScreen.storyboard; sourceTree = "<group>"; };
		E5ADD1E7246AE9F20030CD19 /* Info.plist */ = {isa = PBXFileReference; lastKnownFileType = text.plist.xml; path = Info.plist; sourceTree = "<group>"; };
		E5ADD1EC246AE9F30030CD19 /* RecycleHelperTests.xctest */ = {isa = PBXFileReference; explicitFileType = wrapper.cfbundle; includeInIndex = 0; path = RecycleHelperTests.xctest; sourceTree = BUILT_PRODUCTS_DIR; };
		E5ADD1F0246AE9F30030CD19 /* RecycleHelperTests.swift */ = {isa = PBXFileReference; lastKnownFileType = sourcecode.swift; path = RecycleHelperTests.swift; sourceTree = "<group>"; };
		E5ADD1F2246AE9F30030CD19 /* Info.plist */ = {isa = PBXFileReference; lastKnownFileType = text.plist.xml; path = Info.plist; sourceTree = "<group>"; };
		E5ADD1F7246AE9F30030CD19 /* RecycleHelperUITests.xctest */ = {isa = PBXFileReference; explicitFileType = wrapper.cfbundle; includeInIndex = 0; path = RecycleHelperUITests.xctest; sourceTree = BUILT_PRODUCTS_DIR; };
		E5ADD1FB246AE9F30030CD19 /* RecycleHelperUITests.swift */ = {isa = PBXFileReference; lastKnownFileType = sourcecode.swift; path = RecycleHelperUITests.swift; sourceTree = "<group>"; };
		E5ADD1FD246AE9F30030CD19 /* Info.plist */ = {isa = PBXFileReference; lastKnownFileType = text.plist.xml; path = Info.plist; sourceTree = "<group>"; };
		E5CD4F6C2471C86200DEB567 /* InfoViewController.swift */ = {isa = PBXFileReference; lastKnownFileType = sourcecode.swift; path = InfoViewController.swift; sourceTree = "<group>"; };
		F364BFFFD5D9695643500628 /* Pods-RecycleHelper-RecycleHelperUITests.debug.xcconfig */ = {isa = PBXFileReference; includeInIndex = 1; lastKnownFileType = text.xcconfig; name = "Pods-RecycleHelper-RecycleHelperUITests.debug.xcconfig"; path = "Target Support Files/Pods-RecycleHelper-RecycleHelperUITests/Pods-RecycleHelper-RecycleHelperUITests.debug.xcconfig"; sourceTree = "<group>"; };
/* End PBXFileReference section */

/* Begin PBXFrameworksBuildPhase section */
		E5ADD1D3246AE9ED0030CD19 /* Frameworks */ = {
			isa = PBXFrameworksBuildPhase;
			buildActionMask = 2147483647;
			files = (
				E5A38209246DCFF6005DEAC5 /* CoreImage.framework in Frameworks */,
				73240D97BA28045A38869832 /* Pods_RecycleHelper.framework in Frameworks */,
			);
			runOnlyForDeploymentPostprocessing = 0;
		};
		E5ADD1E9246AE9F30030CD19 /* Frameworks */ = {
			isa = PBXFrameworksBuildPhase;
			buildActionMask = 2147483647;
			files = (
				9C83425B3FC93B7582F05F74 /* Pods_RecycleHelperTests.framework in Frameworks */,
			);
			runOnlyForDeploymentPostprocessing = 0;
		};
		E5ADD1F4246AE9F30030CD19 /* Frameworks */ = {
			isa = PBXFrameworksBuildPhase;
			buildActionMask = 2147483647;
			files = (
				36597A3B3BAB67F2197BEB37 /* Pods_RecycleHelper_RecycleHelperUITests.framework in Frameworks */,
			);
			runOnlyForDeploymentPostprocessing = 0;
		};
/* End PBXFrameworksBuildPhase section */

/* Begin PBXGroup section */
		A44A86F4676C6568A9D3A250 /* Frameworks */ = {
			isa = PBXGroup;
			children = (
				E5A38208246DCFF6005DEAC5 /* CoreImage.framework */,
				7F7CA13B266779D7BADF18C1 /* Pods_RecycleHelper.framework */,
				0AA8689A08B57E6DC13D976E /* Pods_RecycleHelper_RecycleHelperUITests.framework */,
				0729845E4EDAA2A333F792FB /* Pods_RecycleHelperTests.framework */,
			);
			name = Frameworks;
			sourceTree = "<group>";
		};
		CCE1450E2882993B97766993 /* Pods */ = {
			isa = PBXGroup;
			children = (
				A462B3A49ED68EDE39648E4F /* Pods-RecycleHelper.debug.xcconfig */,
				D0AD8001534544E923A98291 /* Pods-RecycleHelper.release.xcconfig */,
				F364BFFFD5D9695643500628 /* Pods-RecycleHelper-RecycleHelperUITests.debug.xcconfig */,
				E3F47CB5EF36D0B0E2A7D09F /* Pods-RecycleHelper-RecycleHelperUITests.release.xcconfig */,
				DC84702100FFB2F936DE3449 /* Pods-RecycleHelperTests.debug.xcconfig */,
				A8527F5CA83F62EE5B76FC49 /* Pods-RecycleHelperTests.release.xcconfig */,
			);
			path = Pods;
			sourceTree = "<group>";
		};
		E503EC63246B040A00225A54 /* Controller */ = {
			isa = PBXGroup;
			children = (
				E5A382282471ACFB005DEAC5 /* OnboardingViewController.swift */,
				E5ADD1DD246AE9ED0030CD19 /* WelcomeViewController.swift */,
				E503EC66246B044200225A54 /* ViewController.swift */,
				E503EC68246B148F00225A54 /* VisionOCRViewController.swift */,
				E5A3821E247043BE005DEAC5 /* VisionViewController.swift */,
				E5A381FD246B42BF005DEAC5 /* ItemViewController.swift */,
				E5CD4F6C2471C86200DEB567 /* InfoViewController.swift */,
			);
			path = Controller;
			sourceTree = "<group>";
		};
		E503EC64246B041500225A54 /* View */ = {
			isa = PBXGroup;
			children = (
				E5ADD1DF246AE9ED0030CD19 /* Main.storyboard */,
				E5ADD1E4246AE9F20030CD19 /* LaunchScreen.storyboard */,
			);
			path = View;
			sourceTree = "<group>";
		};
		E503EC65246B042600225A54 /* Model */ = {
			isa = PBXGroup;
			children = (
			);
			path = Model;
			sourceTree = "<group>";
		};
		E5A38205246DCF98005DEAC5 /* Resources */ = {
			isa = PBXGroup;
			children = (
				E5A3822324706C17005DEAC5 /* onboarding1.png */,
				E5A3822024706C16005DEAC5 /* onboarding2.png */,
				E5A3822124706C17005DEAC5 /* onboarding3.png */,
				E5A3822224706C17005DEAC5 /* onboarding4.png */,
				E5A3821C24702606005DEAC5 /* paper.jpg */,
				E5A3821A246FF4B4005DEAC5 /* paper_and_cardboard.jpg */,
				E5A38212246FEF45005DEAC5 /* glass.jpg */,
				E5A38213246FEF46005DEAC5 /* ItemList.plist */,
				E5A38214246FEF46005DEAC5 /* metal.jpg */,
				E5A38215246FEF46005DEAC5 /* plastic.jpg */,
				E5A38206246DCFCA005DEAC5 /* tessdata */,
			);
			path = Resources;
			sourceTree = "<group>";
		};
		E5ADD1CD246AE9ED0030CD19 = {
			isa = PBXGroup;
			children = (
				E503EC61246AF5DA00225A54 /* License.txt */,
				E5ADD1D8246AE9ED0030CD19 /* RecycleHelper */,
				E5ADD1EF246AE9F30030CD19 /* RecycleHelperTests */,
				E5ADD1FA246AE9F30030CD19 /* RecycleHelperUITests */,
				E5ADD1D7246AE9ED0030CD19 /* Products */,
				A44A86F4676C6568A9D3A250 /* Frameworks */,
				CCE1450E2882993B97766993 /* Pods */,
			);
			sourceTree = "<group>";
		};
		E5ADD1D7246AE9ED0030CD19 /* Products */ = {
			isa = PBXGroup;
			children = (
				E5ADD1D6246AE9ED0030CD19 /* RecycleHelper.app */,
				E5ADD1EC246AE9F30030CD19 /* RecycleHelperTests.xctest */,
				E5ADD1F7246AE9F30030CD19 /* RecycleHelperUITests.xctest */,
			);
			name = Products;
			sourceTree = "<group>";
		};
		E5ADD1D8246AE9ED0030CD19 /* RecycleHelper */ = {
			isa = PBXGroup;
			children = (
				E5A3820E246E9513005DEAC5 /* GoogleService-Info.plist */,
				E5A38205246DCF98005DEAC5 /* Resources */,
				E5ADD1D9246AE9ED0030CD19 /* AppDelegate.swift */,
				E5ADD1DB246AE9ED0030CD19 /* SceneDelegate.swift */,
				E503EC65246B042600225A54 /* Model */,
				E503EC64246B041500225A54 /* View */,
				E503EC63246B040A00225A54 /* Controller */,
				E5ADD1E2246AE9F20030CD19 /* Assets.xcassets */,
				E5ADD1E7246AE9F20030CD19 /* Info.plist */,
				E5A381FB246B4288005DEAC5 /* Constants.swift */,
			);
			path = RecycleHelper;
			sourceTree = "<group>";
		};
		E5ADD1EF246AE9F30030CD19 /* RecycleHelperTests */ = {
			isa = PBXGroup;
			children = (
				E5ADD1F0246AE9F30030CD19 /* RecycleHelperTests.swift */,
				E5ADD1F2246AE9F30030CD19 /* Info.plist */,
			);
			path = RecycleHelperTests;
			sourceTree = "<group>";
		};
		E5ADD1FA246AE9F30030CD19 /* RecycleHelperUITests */ = {
			isa = PBXGroup;
			children = (
				E5ADD1FB246AE9F30030CD19 /* RecycleHelperUITests.swift */,
				E5ADD1FD246AE9F30030CD19 /* Info.plist */,
			);
			path = RecycleHelperUITests;
			sourceTree = "<group>";
		};
/* End PBXGroup section */

/* Begin PBXNativeTarget section */
		E5ADD1D5246AE9ED0030CD19 /* RecycleHelper */ = {
			isa = PBXNativeTarget;
			buildConfigurationList = E5ADD200246AE9F30030CD19 /* Build configuration list for PBXNativeTarget "RecycleHelper" */;
			buildPhases = (
				09130882150EB108B62CF765 /* [CP] Check Pods Manifest.lock */,
				E5ADD1D2246AE9ED0030CD19 /* Sources */,
				E5ADD1D3246AE9ED0030CD19 /* Frameworks */,
				E5ADD1D4246AE9ED0030CD19 /* Resources */,
				10FB29FA468ABC1D2C3F4812 /* [CP] Embed Pods Frameworks */,
				C1CE7830AB845584E241592E /* [CP] Copy Pods Resources */,
			);
			buildRules = (
			);
			dependencies = (
			);
			name = RecycleHelper;
			productName = RecycleHelper;
			productReference = E5ADD1D6246AE9ED0030CD19 /* RecycleHelper.app */;
			productType = "com.apple.product-type.application";
		};
		E5ADD1EB246AE9F30030CD19 /* RecycleHelperTests */ = {
			isa = PBXNativeTarget;
			buildConfigurationList = E5ADD203246AE9F30030CD19 /* Build configuration list for PBXNativeTarget "RecycleHelperTests" */;
			buildPhases = (
				3209C997E3B87AF7C053B595 /* [CP] Check Pods Manifest.lock */,
				E5ADD1E8246AE9F30030CD19 /* Sources */,
				E5ADD1E9246AE9F30030CD19 /* Frameworks */,
				E5ADD1EA246AE9F30030CD19 /* Resources */,
			);
			buildRules = (
			);
			dependencies = (
				E5ADD1EE246AE9F30030CD19 /* PBXTargetDependency */,
			);
			name = RecycleHelperTests;
			productName = RecycleHelperTests;
			productReference = E5ADD1EC246AE9F30030CD19 /* RecycleHelperTests.xctest */;
			productType = "com.apple.product-type.bundle.unit-test";
		};
		E5ADD1F6246AE9F30030CD19 /* RecycleHelperUITests */ = {
			isa = PBXNativeTarget;
			buildConfigurationList = E5ADD206246AE9F30030CD19 /* Build configuration list for PBXNativeTarget "RecycleHelperUITests" */;
			buildPhases = (
				A311932B5D55E8555A3C668F /* [CP] Check Pods Manifest.lock */,
				E5ADD1F3246AE9F30030CD19 /* Sources */,
				E5ADD1F4246AE9F30030CD19 /* Frameworks */,
				E5ADD1F5246AE9F30030CD19 /* Resources */,
				669082342571753A4625B48D /* [CP] Embed Pods Frameworks */,
				A46EBEC8109A45EA705AB4D7 /* [CP] Copy Pods Resources */,
			);
			buildRules = (
			);
			dependencies = (
				E5ADD1F9246AE9F30030CD19 /* PBXTargetDependency */,
			);
			name = RecycleHelperUITests;
			productName = RecycleHelperUITests;
			productReference = E5ADD1F7246AE9F30030CD19 /* RecycleHelperUITests.xctest */;
			productType = "com.apple.product-type.bundle.ui-testing";
		};
/* End PBXNativeTarget section */

/* Begin PBXProject section */
		E5ADD1CE246AE9ED0030CD19 /* Project object */ = {
			isa = PBXProject;
			attributes = {
				LastSwiftUpdateCheck = 1130;
				LastUpgradeCheck = 1130;
				ORGANIZATIONNAME = "Becca Hallam";
				TargetAttributes = {
					E5ADD1D5246AE9ED0030CD19 = {
						CreatedOnToolsVersion = 11.3.1;
					};
					E5ADD1EB246AE9F30030CD19 = {
						CreatedOnToolsVersion = 11.3.1;
						TestTargetID = E5ADD1D5246AE9ED0030CD19;
					};
					E5ADD1F6246AE9F30030CD19 = {
						CreatedOnToolsVersion = 11.3.1;
						TestTargetID = E5ADD1D5246AE9ED0030CD19;
					};
				};
			};
			buildConfigurationList = E5ADD1D1246AE9ED0030CD19 /* Build configuration list for PBXProject "RecycleHelper" */;
			compatibilityVersion = "Xcode 9.3";
			developmentRegion = en;
			hasScannedForEncodings = 0;
			knownRegions = (
				en,
				Base,
			);
			mainGroup = E5ADD1CD246AE9ED0030CD19;
			productRefGroup = E5ADD1D7246AE9ED0030CD19 /* Products */;
			projectDirPath = "";
			projectRoot = "";
			targets = (
				E5ADD1D5246AE9ED0030CD19 /* RecycleHelper */,
				E5ADD1EB246AE9F30030CD19 /* RecycleHelperTests */,
				E5ADD1F6246AE9F30030CD19 /* RecycleHelperUITests */,
			);
		};
/* End PBXProject section */

/* Begin PBXResourcesBuildPhase section */
		E5ADD1D4246AE9ED0030CD19 /* Resources */ = {
			isa = PBXResourcesBuildPhase;
			buildActionMask = 2147483647;
			files = (
				E5A38218246FEF47005DEAC5 /* metal.jpg in Resources */,
				E5ADD1E6246AE9F20030CD19 /* LaunchScreen.storyboard in Resources */,
				E5A3822424706C18005DEAC5 /* onboarding2.png in Resources */,
				E5A38219246FEF47005DEAC5 /* plastic.jpg in Resources */,
				E5ADD1E3246AE9F20030CD19 /* Assets.xcassets in Resources */,
				E5A38207246DCFCA005DEAC5 /* tessdata in Resources */,
				E5A3822724706C18005DEAC5 /* onboarding1.png in Resources */,
				E5A3822524706C18005DEAC5 /* onboarding3.png in Resources */,
				E5A38217246FEF47005DEAC5 /* ItemList.plist in Resources */,
				E503EC62246AF5DA00225A54 /* License.txt in Resources */,
				E5A3822624706C18005DEAC5 /* onboarding4.png in Resources */,
				E5A38216246FEF47005DEAC5 /* glass.jpg in Resources */,
				E5A3821D24702606005DEAC5 /* paper.jpg in Resources */,
				E5A3821B246FF4B4005DEAC5 /* paper_and_cardboard.jpg in Resources */,
				E5ADD1E1246AE9ED0030CD19 /* Main.storyboard in Resources */,
				E5A3820F246E9513005DEAC5 /* GoogleService-Info.plist in Resources */,
			);
			runOnlyForDeploymentPostprocessing = 0;
		};
		E5ADD1EA246AE9F30030CD19 /* Resources */ = {
			isa = PBXResourcesBuildPhase;
			buildActionMask = 2147483647;
			files = (
				E5A38210246E9513005DEAC5 /* GoogleService-Info.plist in Resources */,
			);
			runOnlyForDeploymentPostprocessing = 0;
		};
		E5ADD1F5246AE9F30030CD19 /* Resources */ = {
			isa = PBXResourcesBuildPhase;
			buildActionMask = 2147483647;
			files = (
				E5A38211246E9513005DEAC5 /* GoogleService-Info.plist in Resources */,
			);
			runOnlyForDeploymentPostprocessing = 0;
		};
/* End PBXResourcesBuildPhase section */

/* Begin PBXShellScriptBuildPhase section */
		09130882150EB108B62CF765 /* [CP] Check Pods Manifest.lock */ = {
			isa = PBXShellScriptBuildPhase;
			buildActionMask = 2147483647;
			files = (
			);
			inputFileListPaths = (
			);
			inputPaths = (
				"${PODS_PODFILE_DIR_PATH}/Podfile.lock",
				"${PODS_ROOT}/Manifest.lock",
			);
			name = "[CP] Check Pods Manifest.lock";
			outputFileListPaths = (
			);
			outputPaths = (
				"$(DERIVED_FILE_DIR)/Pods-RecycleHelper-checkManifestLockResult.txt",
			);
			runOnlyForDeploymentPostprocessing = 0;
			shellPath = /bin/sh;
			shellScript = "diff \"${PODS_PODFILE_DIR_PATH}/Podfile.lock\" \"${PODS_ROOT}/Manifest.lock\" > /dev/null\nif [ $? != 0 ] ; then\n    # print error to STDERR\n    echo \"error: The sandbox is not in sync with the Podfile.lock. Run 'pod install' or update your CocoaPods installation.\" >&2\n    exit 1\nfi\n# This output is used by Xcode 'outputs' to avoid re-running this script phase.\necho \"SUCCESS\" > \"${SCRIPT_OUTPUT_FILE_0}\"\n";
			showEnvVarsInLog = 0;
		};
		10FB29FA468ABC1D2C3F4812 /* [CP] Embed Pods Frameworks */ = {
			isa = PBXShellScriptBuildPhase;
			buildActionMask = 2147483647;
			files = (
			);
			inputFileListPaths = (
				"${PODS_ROOT}/Target Support Files/Pods-RecycleHelper/Pods-RecycleHelper-frameworks-${CONFIGURATION}-input-files.xcfilelist",
			);
			name = "[CP] Embed Pods Frameworks";
			outputFileListPaths = (
				"${PODS_ROOT}/Target Support Files/Pods-RecycleHelper/Pods-RecycleHelper-frameworks-${CONFIGURATION}-output-files.xcfilelist",
			);
			runOnlyForDeploymentPostprocessing = 0;
			shellPath = /bin/sh;
			shellScript = "\"${PODS_ROOT}/Target Support Files/Pods-RecycleHelper/Pods-RecycleHelper-frameworks.sh\"\n";
			showEnvVarsInLog = 0;
		};
		3209C997E3B87AF7C053B595 /* [CP] Check Pods Manifest.lock */ = {
			isa = PBXShellScriptBuildPhase;
			buildActionMask = 2147483647;
			files = (
			);
			inputFileListPaths = (
			);
			inputPaths = (
				"${PODS_PODFILE_DIR_PATH}/Podfile.lock",
				"${PODS_ROOT}/Manifest.lock",
			);
			name = "[CP] Check Pods Manifest.lock";
			outputFileListPaths = (
			);
			outputPaths = (
				"$(DERIVED_FILE_DIR)/Pods-RecycleHelperTests-checkManifestLockResult.txt",
			);
			runOnlyForDeploymentPostprocessing = 0;
			shellPath = /bin/sh;
			shellScript = "diff \"${PODS_PODFILE_DIR_PATH}/Podfile.lock\" \"${PODS_ROOT}/Manifest.lock\" > /dev/null\nif [ $? != 0 ] ; then\n    # print error to STDERR\n    echo \"error: The sandbox is not in sync with the Podfile.lock. Run 'pod install' or update your CocoaPods installation.\" >&2\n    exit 1\nfi\n# This output is used by Xcode 'outputs' to avoid re-running this script phase.\necho \"SUCCESS\" > \"${SCRIPT_OUTPUT_FILE_0}\"\n";
			showEnvVarsInLog = 0;
		};
		669082342571753A4625B48D /* [CP] Embed Pods Frameworks */ = {
			isa = PBXShellScriptBuildPhase;
			buildActionMask = 2147483647;
			files = (
			);
			inputFileListPaths = (
				"${PODS_ROOT}/Target Support Files/Pods-RecycleHelper-RecycleHelperUITests/Pods-RecycleHelper-RecycleHelperUITests-frameworks-${CONFIGURATION}-input-files.xcfilelist",
			);
			name = "[CP] Embed Pods Frameworks";
			outputFileListPaths = (
				"${PODS_ROOT}/Target Support Files/Pods-RecycleHelper-RecycleHelperUITests/Pods-RecycleHelper-RecycleHelperUITests-frameworks-${CONFIGURATION}-output-files.xcfilelist",
			);
			runOnlyForDeploymentPostprocessing = 0;
			shellPath = /bin/sh;
			shellScript = "\"${PODS_ROOT}/Target Support Files/Pods-RecycleHelper-RecycleHelperUITests/Pods-RecycleHelper-RecycleHelperUITests-frameworks.sh\"\n";
			showEnvVarsInLog = 0;
		};
		A311932B5D55E8555A3C668F /* [CP] Check Pods Manifest.lock */ = {
			isa = PBXShellScriptBuildPhase;
			buildActionMask = 2147483647;
			files = (
			);
			inputFileListPaths = (
			);
			inputPaths = (
				"${PODS_PODFILE_DIR_PATH}/Podfile.lock",
				"${PODS_ROOT}/Manifest.lock",
			);
			name = "[CP] Check Pods Manifest.lock";
			outputFileListPaths = (
			);
			outputPaths = (
				"$(DERIVED_FILE_DIR)/Pods-RecycleHelper-RecycleHelperUITests-checkManifestLockResult.txt",
			);
			runOnlyForDeploymentPostprocessing = 0;
			shellPath = /bin/sh;
			shellScript = "diff \"${PODS_PODFILE_DIR_PATH}/Podfile.lock\" \"${PODS_ROOT}/Manifest.lock\" > /dev/null\nif [ $? != 0 ] ; then\n    # print error to STDERR\n    echo \"error: The sandbox is not in sync with the Podfile.lock. Run 'pod install' or update your CocoaPods installation.\" >&2\n    exit 1\nfi\n# This output is used by Xcode 'outputs' to avoid re-running this script phase.\necho \"SUCCESS\" > \"${SCRIPT_OUTPUT_FILE_0}\"\n";
			showEnvVarsInLog = 0;
		};
		A46EBEC8109A45EA705AB4D7 /* [CP] Copy Pods Resources */ = {
			isa = PBXShellScriptBuildPhase;
			buildActionMask = 2147483647;
			files = (
			);
			inputFileListPaths = (
				"${PODS_ROOT}/Target Support Files/Pods-RecycleHelper-RecycleHelperUITests/Pods-RecycleHelper-RecycleHelperUITests-resources-${CONFIGURATION}-input-files.xcfilelist",
			);
			name = "[CP] Copy Pods Resources";
			outputFileListPaths = (
				"${PODS_ROOT}/Target Support Files/Pods-RecycleHelper-RecycleHelperUITests/Pods-RecycleHelper-RecycleHelperUITests-resources-${CONFIGURATION}-output-files.xcfilelist",
			);
			runOnlyForDeploymentPostprocessing = 0;
			shellPath = /bin/sh;
			shellScript = "\"${PODS_ROOT}/Target Support Files/Pods-RecycleHelper-RecycleHelperUITests/Pods-RecycleHelper-RecycleHelperUITests-resources.sh\"\n";
			showEnvVarsInLog = 0;
		};
		C1CE7830AB845584E241592E /* [CP] Copy Pods Resources */ = {
			isa = PBXShellScriptBuildPhase;
			buildActionMask = 2147483647;
			files = (
			);
			inputFileListPaths = (
				"${PODS_ROOT}/Target Support Files/Pods-RecycleHelper/Pods-RecycleHelper-resources-${CONFIGURATION}-input-files.xcfilelist",
			);
			name = "[CP] Copy Pods Resources";
			outputFileListPaths = (
				"${PODS_ROOT}/Target Support Files/Pods-RecycleHelper/Pods-RecycleHelper-resources-${CONFIGURATION}-output-files.xcfilelist",
			);
			runOnlyForDeploymentPostprocessing = 0;
			shellPath = /bin/sh;
			shellScript = "\"${PODS_ROOT}/Target Support Files/Pods-RecycleHelper/Pods-RecycleHelper-resources.sh\"\n";
			showEnvVarsInLog = 0;
		};
/* End PBXShellScriptBuildPhase section */

/* Begin PBXSourcesBuildPhase section */
		E5ADD1D2246AE9ED0030CD19 /* Sources */ = {
			isa = PBXSourcesBuildPhase;
			buildActionMask = 2147483647;
			files = (
				E5A381FE246B42BF005DEAC5 /* ItemViewController.swift in Sources */,
				E503EC69246B148F00225A54 /* VisionOCRViewController.swift in Sources */,
				E5ADD1DE246AE9ED0030CD19 /* WelcomeViewController.swift in Sources */,
				E503EC67246B044200225A54 /* ViewController.swift in Sources */,
				E5CD4F6D2471C86200DEB567 /* InfoViewController.swift in Sources */,
				E5A3821F247043BE005DEAC5 /* VisionViewController.swift in Sources */,
				E5ADD1DA246AE9ED0030CD19 /* AppDelegate.swift in Sources */,
				E5ADD1DC246AE9ED0030CD19 /* SceneDelegate.swift in Sources */,
				E5A382292471ACFB005DEAC5 /* OnboardingViewController.swift in Sources */,
				E5A381FC246B4288005DEAC5 /* Constants.swift in Sources */,
			);
			runOnlyForDeploymentPostprocessing = 0;
		};
		E5ADD1E8246AE9F30030CD19 /* Sources */ = {
			isa = PBXSourcesBuildPhase;
			buildActionMask = 2147483647;
			files = (
				E5ADD1F1246AE9F30030CD19 /* RecycleHelperTests.swift in Sources */,
			);
			runOnlyForDeploymentPostprocessing = 0;
		};
		E5ADD1F3246AE9F30030CD19 /* Sources */ = {
			isa = PBXSourcesBuildPhase;
			buildActionMask = 2147483647;
			files = (
				E5ADD1FC246AE9F30030CD19 /* RecycleHelperUITests.swift in Sources */,
			);
			runOnlyForDeploymentPostprocessing = 0;
		};
/* End PBXSourcesBuildPhase section */

/* Begin PBXTargetDependency section */
		E5ADD1EE246AE9F30030CD19 /* PBXTargetDependency */ = {
			isa = PBXTargetDependency;
			target = E5ADD1D5246AE9ED0030CD19 /* RecycleHelper */;
			targetProxy = E5ADD1ED246AE9F30030CD19 /* PBXContainerItemProxy */;
		};
		E5ADD1F9246AE9F30030CD19 /* PBXTargetDependency */ = {
			isa = PBXTargetDependency;
			target = E5ADD1D5246AE9ED0030CD19 /* RecycleHelper */;
			targetProxy = E5ADD1F8246AE9F30030CD19 /* PBXContainerItemProxy */;
		};
/* End PBXTargetDependency section */

/* Begin PBXVariantGroup section */
		E5ADD1DF246AE9ED0030CD19 /* Main.storyboard */ = {
			isa = PBXVariantGroup;
			children = (
				E5ADD1E0246AE9ED0030CD19 /* Base */,
			);
			name = Main.storyboard;
			sourceTree = "<group>";
		};
		E5ADD1E4246AE9F20030CD19 /* LaunchScreen.storyboard */ = {
			isa = PBXVariantGroup;
			children = (
				E5ADD1E5246AE9F20030CD19 /* Base */,
			);
			name = LaunchScreen.storyboard;
			sourceTree = "<group>";
		};
/* End PBXVariantGroup section */

/* Begin XCBuildConfiguration section */
		E5ADD1FE246AE9F30030CD19 /* Debug */ = {
			isa = XCBuildConfiguration;
			buildSettings = {
				ALWAYS_SEARCH_USER_PATHS = NO;
				CLANG_ANALYZER_NONNULL = YES;
				CLANG_ANALYZER_NUMBER_OBJECT_CONVERSION = YES_AGGRESSIVE;
				CLANG_CXX_LANGUAGE_STANDARD = "gnu++14";
				CLANG_CXX_LIBRARY = "libc++";
				CLANG_ENABLE_MODULES = YES;
				CLANG_ENABLE_OBJC_ARC = YES;
				CLANG_ENABLE_OBJC_WEAK = YES;
				CLANG_WARN_BLOCK_CAPTURE_AUTORELEASING = YES;
				CLANG_WARN_BOOL_CONVERSION = YES;
				CLANG_WARN_COMMA = YES;
				CLANG_WARN_CONSTANT_CONVERSION = YES;
				CLANG_WARN_DEPRECATED_OBJC_IMPLEMENTATIONS = YES;
				CLANG_WARN_DIRECT_OBJC_ISA_USAGE = YES_ERROR;
				CLANG_WARN_DOCUMENTATION_COMMENTS = YES;
				CLANG_WARN_EMPTY_BODY = YES;
				CLANG_WARN_ENUM_CONVERSION = YES;
				CLANG_WARN_INFINITE_RECURSION = YES;
				CLANG_WARN_INT_CONVERSION = YES;
				CLANG_WARN_NON_LITERAL_NULL_CONVERSION = YES;
				CLANG_WARN_OBJC_IMPLICIT_RETAIN_SELF = YES;
				CLANG_WARN_OBJC_LITERAL_CONVERSION = YES;
				CLANG_WARN_OBJC_ROOT_CLASS = YES_ERROR;
				CLANG_WARN_RANGE_LOOP_ANALYSIS = YES;
				CLANG_WARN_STRICT_PROTOTYPES = YES;
				CLANG_WARN_SUSPICIOUS_MOVE = YES;
				CLANG_WARN_UNGUARDED_AVAILABILITY = YES_AGGRESSIVE;
				CLANG_WARN_UNREACHABLE_CODE = YES;
				CLANG_WARN__DUPLICATE_METHOD_MATCH = YES;
				COPY_PHASE_STRIP = NO;
				DEBUG_INFORMATION_FORMAT = dwarf;
				ENABLE_STRICT_OBJC_MSGSEND = YES;
				ENABLE_TESTABILITY = YES;
				GCC_C_LANGUAGE_STANDARD = gnu11;
				GCC_DYNAMIC_NO_PIC = NO;
				GCC_NO_COMMON_BLOCKS = YES;
				GCC_OPTIMIZATION_LEVEL = 0;
				GCC_PREPROCESSOR_DEFINITIONS = (
					"DEBUG=1",
					"$(inherited)",
				);
				GCC_WARN_64_TO_32_BIT_CONVERSION = YES;
				GCC_WARN_ABOUT_RETURN_TYPE = YES_ERROR;
				GCC_WARN_UNDECLARED_SELECTOR = YES;
				GCC_WARN_UNINITIALIZED_AUTOS = YES_AGGRESSIVE;
				GCC_WARN_UNUSED_FUNCTION = YES;
				GCC_WARN_UNUSED_VARIABLE = YES;
				IPHONEOS_DEPLOYMENT_TARGET = 13.2;
				MTL_ENABLE_DEBUG_INFO = INCLUDE_SOURCE;
				MTL_FAST_MATH = YES;
				ONLY_ACTIVE_ARCH = YES;
				SDKROOT = iphoneos;
				SWIFT_ACTIVE_COMPILATION_CONDITIONS = DEBUG;
				SWIFT_OPTIMIZATION_LEVEL = "-Onone";
			};
			name = Debug;
		};
		E5ADD1FF246AE9F30030CD19 /* Release */ = {
			isa = XCBuildConfiguration;
			buildSettings = {
				ALWAYS_SEARCH_USER_PATHS = NO;
				CLANG_ANALYZER_NONNULL = YES;
				CLANG_ANALYZER_NUMBER_OBJECT_CONVERSION = YES_AGGRESSIVE;
				CLANG_CXX_LANGUAGE_STANDARD = "gnu++14";
				CLANG_CXX_LIBRARY = "libc++";
				CLANG_ENABLE_MODULES = YES;
				CLANG_ENABLE_OBJC_ARC = YES;
				CLANG_ENABLE_OBJC_WEAK = YES;
				CLANG_WARN_BLOCK_CAPTURE_AUTORELEASING = YES;
				CLANG_WARN_BOOL_CONVERSION = YES;
				CLANG_WARN_COMMA = YES;
				CLANG_WARN_CONSTANT_CONVERSION = YES;
				CLANG_WARN_DEPRECATED_OBJC_IMPLEMENTATIONS = YES;
				CLANG_WARN_DIRECT_OBJC_ISA_USAGE = YES_ERROR;
				CLANG_WARN_DOCUMENTATION_COMMENTS = YES;
				CLANG_WARN_EMPTY_BODY = YES;
				CLANG_WARN_ENUM_CONVERSION = YES;
				CLANG_WARN_INFINITE_RECURSION = YES;
				CLANG_WARN_INT_CONVERSION = YES;
				CLANG_WARN_NON_LITERAL_NULL_CONVERSION = YES;
				CLANG_WARN_OBJC_IMPLICIT_RETAIN_SELF = YES;
				CLANG_WARN_OBJC_LITERAL_CONVERSION = YES;
				CLANG_WARN_OBJC_ROOT_CLASS = YES_ERROR;
				CLANG_WARN_RANGE_LOOP_ANALYSIS = YES;
				CLANG_WARN_STRICT_PROTOTYPES = YES;
				CLANG_WARN_SUSPICIOUS_MOVE = YES;
				CLANG_WARN_UNGUARDED_AVAILABILITY = YES_AGGRESSIVE;
				CLANG_WARN_UNREACHABLE_CODE = YES;
				CLANG_WARN__DUPLICATE_METHOD_MATCH = YES;
				COPY_PHASE_STRIP = NO;
				DEBUG_INFORMATION_FORMAT = "dwarf-with-dsym";
				ENABLE_NS_ASSERTIONS = NO;
				ENABLE_STRICT_OBJC_MSGSEND = YES;
				GCC_C_LANGUAGE_STANDARD = gnu11;
				GCC_NO_COMMON_BLOCKS = YES;
				GCC_WARN_64_TO_32_BIT_CONVERSION = YES;
				GCC_WARN_ABOUT_RETURN_TYPE = YES_ERROR;
				GCC_WARN_UNDECLARED_SELECTOR = YES;
				GCC_WARN_UNINITIALIZED_AUTOS = YES_AGGRESSIVE;
				GCC_WARN_UNUSED_FUNCTION = YES;
				GCC_WARN_UNUSED_VARIABLE = YES;
				IPHONEOS_DEPLOYMENT_TARGET = 13.2;
				MTL_ENABLE_DEBUG_INFO = NO;
				MTL_FAST_MATH = YES;
				SDKROOT = iphoneos;
				SWIFT_COMPILATION_MODE = wholemodule;
				SWIFT_OPTIMIZATION_LEVEL = "-O";
				VALIDATE_PRODUCT = YES;
			};
			name = Release;
		};
		E5ADD201246AE9F30030CD19 /* Debug */ = {
			isa = XCBuildConfiguration;
			baseConfigurationReference = A462B3A49ED68EDE39648E4F /* Pods-RecycleHelper.debug.xcconfig */;
			buildSettings = {
				ASSETCATALOG_COMPILER_APPICON_NAME = AppIcon;
				CODE_SIGN_STYLE = Automatic;
				DEVELOPMENT_TEAM = A98WJKXVLM;
				INFOPLIST_FILE = RecycleHelper/Info.plist;
				IPHONEOS_DEPLOYMENT_TARGET = 13.0;
				LD_RUNPATH_SEARCH_PATHS = (
					"$(inherited)",
					"@executable_path/Frameworks",
				);
				MARKETING_VERSION = 2.0;
				PRODUCT_BUNDLE_IDENTIFIER = com.RebeccaHallam.RecycleHelper;
				PRODUCT_NAME = "$(TARGET_NAME)";
				SWIFT_VERSION = 5.0;
				TARGETED_DEVICE_FAMILY = "1,2";
			};
			name = Debug;
		};
		E5ADD202246AE9F30030CD19 /* Release */ = {
			isa = XCBuildConfiguration;
			baseConfigurationReference = D0AD8001534544E923A98291 /* Pods-RecycleHelper.release.xcconfig */;
			buildSettings = {
				ASSETCATALOG_COMPILER_APPICON_NAME = AppIcon;
				CODE_SIGN_STYLE = Automatic;
				DEVELOPMENT_TEAM = A98WJKXVLM;
				INFOPLIST_FILE = RecycleHelper/Info.plist;
				IPHONEOS_DEPLOYMENT_TARGET = 13.0;
				LD_RUNPATH_SEARCH_PATHS = (
					"$(inherited)",
					"@executable_path/Frameworks",
				);
				MARKETING_VERSION = 2.0;
				PRODUCT_BUNDLE_IDENTIFIER = com.RebeccaHallam.RecycleHelper;
				PRODUCT_NAME = "$(TARGET_NAME)";
				SWIFT_VERSION = 5.0;
				TARGETED_DEVICE_FAMILY = "1,2";
			};
			name = Release;
		};
		E5ADD204246AE9F30030CD19 /* Debug */ = {
			isa = XCBuildConfiguration;
			baseConfigurationReference = DC84702100FFB2F936DE3449 /* Pods-RecycleHelperTests.debug.xcconfig */;
			buildSettings = {
				ALWAYS_EMBED_SWIFT_STANDARD_LIBRARIES = YES;
				BUNDLE_LOADER = "$(TEST_HOST)";
				CODE_SIGN_STYLE = Automatic;
				DEVELOPMENT_TEAM = A98WJKXVLM;
				INFOPLIST_FILE = RecycleHelperTests/Info.plist;
				IPHONEOS_DEPLOYMENT_TARGET = 13.2;
				LD_RUNPATH_SEARCH_PATHS = (
					"$(inherited)",
					"@executable_path/Frameworks",
					"@loader_path/Frameworks",
				);
				PRODUCT_BUNDLE_IDENTIFIER = com.RebeccaHallam.RecycleHelperTests;
				PRODUCT_NAME = "$(TARGET_NAME)";
				SWIFT_VERSION = 5.0;
				TARGETED_DEVICE_FAMILY = "1,2";
				TEST_HOST = "$(BUILT_PRODUCTS_DIR)/RecycleHelper.app/RecycleHelper";
			};
			name = Debug;
		};
		E5ADD205246AE9F30030CD19 /* Release */ = {
			isa = XCBuildConfiguration;
			baseConfigurationReference = A8527F5CA83F62EE5B76FC49 /* Pods-RecycleHelperTests.release.xcconfig */;
			buildSettings = {
				ALWAYS_EMBED_SWIFT_STANDARD_LIBRARIES = YES;
				BUNDLE_LOADER = "$(TEST_HOST)";
				CODE_SIGN_STYLE = Automatic;
				DEVELOPMENT_TEAM = A98WJKXVLM;
				INFOPLIST_FILE = RecycleHelperTests/Info.plist;
				IPHONEOS_DEPLOYMENT_TARGET = 13.2;
				LD_RUNPATH_SEARCH_PATHS = (
					"$(inherited)",
					"@executable_path/Frameworks",
					"@loader_path/Frameworks",
				);
				PRODUCT_BUNDLE_IDENTIFIER = com.RebeccaHallam.RecycleHelperTests;
				PRODUCT_NAME = "$(TARGET_NAME)";
				SWIFT_VERSION = 5.0;
				TARGETED_DEVICE_FAMILY = "1,2";
				TEST_HOST = "$(BUILT_PRODUCTS_DIR)/RecycleHelper.app/RecycleHelper";
			};
			name = Release;
		};
		E5ADD207246AE9F30030CD19 /* Debug */ = {
			isa = XCBuildConfiguration;
			baseConfigurationReference = F364BFFFD5D9695643500628 /* Pods-RecycleHelper-RecycleHelperUITests.debug.xcconfig */;
			buildSettings = {
				ALWAYS_EMBED_SWIFT_STANDARD_LIBRARIES = YES;
				CODE_SIGN_STYLE = Automatic;
				DEVELOPMENT_TEAM = A98WJKXVLM;
				INFOPLIST_FILE = RecycleHelperUITests/Info.plist;
				LD_RUNPATH_SEARCH_PATHS = (
					"$(inherited)",
					"@executable_path/Frameworks",
					"@loader_path/Frameworks",
				);
				PRODUCT_BUNDLE_IDENTIFIER = com.RebeccaHallam.RecycleHelperUITests;
				PRODUCT_NAME = "$(TARGET_NAME)";
				SWIFT_VERSION = 5.0;
				TARGETED_DEVICE_FAMILY = "1,2";
				TEST_TARGET_NAME = RecycleHelper;
			};
			name = Debug;
		};
		E5ADD208246AE9F30030CD19 /* Release */ = {
			isa = XCBuildConfiguration;
			baseConfigurationReference = E3F47CB5EF36D0B0E2A7D09F /* Pods-RecycleHelper-RecycleHelperUITests.release.xcconfig */;
			buildSettings = {
				ALWAYS_EMBED_SWIFT_STANDARD_LIBRARIES = YES;
				CODE_SIGN_STYLE = Automatic;
				DEVELOPMENT_TEAM = A98WJKXVLM;
				INFOPLIST_FILE = RecycleHelperUITests/Info.plist;
				LD_RUNPATH_SEARCH_PATHS = (
					"$(inherited)",
					"@executable_path/Frameworks",
					"@loader_path/Frameworks",
				);
				PRODUCT_BUNDLE_IDENTIFIER = com.RebeccaHallam.RecycleHelperUITests;
				PRODUCT_NAME = "$(TARGET_NAME)";
				SWIFT_VERSION = 5.0;
				TARGETED_DEVICE_FAMILY = "1,2";
				TEST_TARGET_NAME = RecycleHelper;
			};
			name = Release;
		};
/* End XCBuildConfiguration section */

/* Begin XCConfigurationList section */
		E5ADD1D1246AE9ED0030CD19 /* Build configuration list for PBXProject "RecycleHelper" */ = {
			isa = XCConfigurationList;
			buildConfigurations = (
				E5ADD1FE246AE9F30030CD19 /* Debug */,
				E5ADD1FF246AE9F30030CD19 /* Release */,
			);
			defaultConfigurationIsVisible = 0;
			defaultConfigurationName = Release;
		};
		E5ADD200246AE9F30030CD19 /* Build configuration list for PBXNativeTarget "RecycleHelper" */ = {
			isa = XCConfigurationList;
			buildConfigurations = (
				E5ADD201246AE9F30030CD19 /* Debug */,
				E5ADD202246AE9F30030CD19 /* Release */,
			);
			defaultConfigurationIsVisible = 0;
			defaultConfigurationName = Release;
		};
		E5ADD203246AE9F30030CD19 /* Build configuration list for PBXNativeTarget "RecycleHelperTests" */ = {
			isa = XCConfigurationList;
			buildConfigurations = (
				E5ADD204246AE9F30030CD19 /* Debug */,
				E5ADD205246AE9F30030CD19 /* Release */,
			);
			defaultConfigurationIsVisible = 0;
			defaultConfigurationName = Release;
		};
		E5ADD206246AE9F30030CD19 /* Build configuration list for PBXNativeTarget "RecycleHelperUITests" */ = {
			isa = XCConfigurationList;
			buildConfigurations = (
				E5ADD207246AE9F30030CD19 /* Debug */,
				E5ADD208246AE9F30030CD19 /* Release */,
			);
			defaultConfigurationIsVisible = 0;
			defaultConfigurationName = Release;
		};
/* End XCConfigurationList section */
	};
	rootObject = E5ADD1CE246AE9ED0030CD19 /* Project object */;
}
